
Microsoft Visual Studio Solution File, Format Version 12.00
# Visual Studio Version 17
VisualStudioVersion = 17.9.34728.123
MinimumVisualStudioVersion = 10.0.40219.1
Project("{9A19103F-16F7-4668-BE54-9A1E7A4F7556}") = "FirstApp", "FirstApp\FirstApp.csproj", "{CE6EC124-0BBD-4E1C-BDC9-6FCA9FD52123}"
EndProject
Project("{9A19103F-16F7-4668-BE54-9A1E7A4F7556}") = "SecondApp", "SecondApp\SecondApp.csproj", "{2E706438-D209-4F1D-9093-9A494B6E0A4B}"
EndProject
Project("{9A19103F-16F7-4668-BE54-9A1E7A4F7556}") = "Calculator", "Calculator\Calculator.csproj", "{A7F39807-7657-4D8B-8445-3A7D94391C1A}"
EndProject
Project("{2150E333-8FDC-42A3-9474-1A3956D46DE8}") = "1706", "1706", "{A277971F-9F74-4BAA-BC41-F24130BF408C}"
EndProject
Project("{9A19103F-16F7-4668-BE54-9A1E7A4F7556}") = "Es1706", "Es1706\Es1706.csproj", "{E48BFC32-FD6E-47CC-98BE-D2303813F5E5}"
EndProject
Project("{9A19103F-16F7-4668-BE54-9A1E7A4F7556}") = "U1_D2_ObjectsLifecycle", "ObjectsLifecycle\U1_D2_ObjectsLifecycle.csproj", "{AC5649BE-675C-4E25-A717-32AEC5378292}"
EndProject
Project("{9A19103F-16F7-4668-BE54-9A1E7A4F7556}") = "U1_D2_Variables", "Variables\U1_D2_Variables.csproj", "{2BA19E34-1B96-469E-B6CC-363CA9542BED}"
EndProject
Project("{9A19103F-16F7-4668-BE54-9A1E7A4F7556}") = "U1_D2_FlowControl", "U1_D2_FlowControl\U1_D2_FlowControl.csproj", "{FFAEDFC5-A940-452D-AB22-DF6E9BEB25E2}"
EndProject
Project("{9A19103F-16F7-4668-BE54-9A1E7A4F7556}") = "U1_D2_Arrays", "U1_D2_Arrays\U1_D2_Arrays.csproj", "{E3DAB07C-DE0B-4E3E-B699-B2548D9F3408}"
EndProject
Project("{9A19103F-16F7-4668-BE54-9A1E7A4F7556}") = "U1_D2_Riepilogo", "U1_D2_Riepilogo\U1_D2_Riepilogo.csproj", "{2749AB3A-07CE-4ED4-BF86-82CAEA2FC152}"
EndProject
Project("{2150E333-8FDC-42A3-9474-1A3956D46DE8}") = "1806", "1806", "{290BC704-026E-4512-8829-3D7C0BFFDC28}"
EndProject
Project("{9A19103F-16F7-4668-BE54-9A1E7A4F7556}") = "U1_D2_Esercizio", "U1_D2_Esercizio\U1_D2_Esercizio.csproj", "{A5517BD3-34D3-43E6-9B07-9F97B27DA2ED}"
EndProject
Project("{9A19103F-16F7-4668-BE54-9A1E7A4F7556}") = "U1_D3_Incapsulamento", "U1_D3_Incapsulamento\U1_D3_Incapsulamento.csproj", "{AFD8DE6A-55F9-457F-9BAE-013B9735AFAA}"
EndProject
Project("{9A19103F-16F7-4668-BE54-9A1E7A4F7556}") = "U1_D3_Inheritance", "U1_D3_Inheritance\U1_D3_Inheritance.csproj", "{97B1CCAA-3B75-49A8-8CFA-BBF296ECF420}"
EndProject
Project("{9A19103F-16F7-4668-BE54-9A1E7A4F7556}") = "U1_D3_Inheritance2", "U1_D3_Inheritance2\U1_D3_Inheritance2.csproj", "{54233491-DCF2-4551-B42A-316B72657563}"
EndProject
Project("{9A19103F-16F7-4668-BE54-9A1E7A4F7556}") = "U1_D3_Inheritance3", "U1_D3_Inheritance3\U1_D3_Inheritance3.csproj", "{BF9F0173-B016-4CED-B0CC-B9B72AD1BA39}"
EndProject
Project("{9A19103F-16F7-4668-BE54-9A1E7A4F7556}") = "U1_D3_PartialClasses", "U1_D3_PartialClasses\U1_D3_PartialClasses.csproj", "{FB55DAF2-2C72-4295-B007-CE7AB5F95B2D}"
EndProject
Project("{9A19103F-16F7-4668-BE54-9A1E7A4F7556}") = "U1_D3_DesktopApp", "U1_D3_DesktopApp\U1_D3_DesktopApp.csproj", "{82E3E7BC-AE72-45CB-AA0A-407D0F63801B}"
EndProject
Project("{9A19103F-16F7-4668-BE54-9A1E7A4F7556}") = "U1_D3_Interfaces", "U1_D3_Interfaces\U1_D3_Interfaces.csproj", "{1CADB5F4-A751-4D11-BF9D-C7BA66918E0B}"
EndProject
Project("{9A19103F-16F7-4668-BE54-9A1E7A4F7556}") = "U1_D3_Exceptions", "U1_D3_Exceptions\U1_D3_Exceptions.csproj", "{E2FD272A-FB9F-48C8-A8FF-36BFD49A8E6C}"
EndProject
Project("{9A19103F-16F7-4668-BE54-9A1E7A4F7556}") = "U1_D3_Sample", "U1_D3_Sample\U1_D3_Sample.csproj", "{FA112064-7090-4506-AC25-1D6E830A2992}"
EndProject
Project("{9A19103F-16F7-4668-BE54-9A1E7A4F7556}") = "U1_D3_Ex1", "U1_D3_Ex1\U1_D3_Ex1.csproj", "{8931062E-8DF0-4AD2-A5C8-E7284432AD51}"
EndProject
Project("{9A19103F-16F7-4668-BE54-9A1E7A4F7556}") = "U1_D3_Ex2", "U1_D3_Ex2\U1_D3_Ex2.csproj", "{DF3F7724-B0D5-4608-9BA1-68A0B4D02544}"
EndProject
Project("{9A19103F-16F7-4668-BE54-9A1E7A4F7556}") = "U1_D3_Ex3", "U1_D3_Ex3\U1_D3_Ex3.csproj", "{3E69E2C3-8B61-4CD3-A0AB-EE72A968B3F1}"
EndProject
Project("{2150E333-8FDC-42A3-9474-1A3956D46DE8}") = "1906", "1906", "{7D02D389-F0F6-4260-973A-620CBAFCF914}"
EndProject
Project("{2150E333-8FDC-42A3-9474-1A3956D46DE8}") = "Addenda", "Addenda", "{EE0CA7DC-4398-4E73-990D-694C08A2236D}"
EndProject
Project("{9A19103F-16F7-4668-BE54-9A1E7A4F7556}") = "FiscalCodeWebApi", "FiscalCodeWebApi\FiscalCodeWebApi.csproj", "{B373A773-7337-46F6-BA9C-AD9D34F2920C}"
EndProject
Project("{FAE04EC0-301F-11D3-BF4B-00C04F79EFBC}") = "WebFormsSample", "WebFormsSample\WebFormsSample.csproj", "{C60E7B0D-EC44-462C-940D-9526CE52AAC2}"
EndProject
Project("{FAE04EC0-301F-11D3-BF4B-00C04F79EFBC}") = "WebMvcSample", "WebMvcSample\WebMvcSample.csproj", "{1926A000-0FD9-4ACE-9335-DF976B64C65B}"
EndProject
Project("{9A19103F-16F7-4668-BE54-9A1E7A4F7556}") = "U1_D4_Ex", "U1_D4_Ex\U1_D4_Ex.csproj", "{34D8EDFA-013A-4CC8-B1B9-8112AEA18167}"
EndProject
Project("{2150E333-8FDC-42A3-9474-1A3956D46DE8}") = "2006", "2006", "{A1A1E871-FBFB-42F2-8F35-DD8FF1C28E58}"
EndProject
Project("{9A19103F-16F7-4668-BE54-9A1E7A4F7556}") = "U1_D4_StaticSample", "U1_D4_StaticSample\U1_D4_StaticSample.csproj", "{ECA7C139-50F7-4E66-99D6-946CE90E7978}"
EndProject
Project("{9A19103F-16F7-4668-BE54-9A1E7A4F7556}") = "ContestW1", "Contest\ContestW1.csproj", "{FA85A15B-C7AE-47D7-91F0-DCB43786CF6E}"
EndProject
Project("{9A19103F-16F7-4668-BE54-9A1E7A4F7556}") = "U1_W1_Project", "U1_W1_Project\U1_W1_Project.csproj", "{0C120BA2-64E9-4BCB-99CA-42BFB139CD25}"
EndProject
Project("{2150E333-8FDC-42A3-9474-1A3956D46DE8}") = "2106", "2106", "{23DE1A1B-47CA-4E9F-B454-B14CD8D3B7C2}"
EndProject
Project("{9A19103F-16F7-4668-BE54-9A1E7A4F7556}") = "W2_D1_NamespacesAndTypeInference", "W2_D1_Collections\W2_D1_NamespacesAndTypeInference.csproj", "{4DB03588-882A-463C-9B8F-B84881BA1415}"
EndProject
Project("{9A19103F-16F7-4668-BE54-9A1E7A4F7556}") = "W2_D1_Generics", "W2_D1_Generics\W2_D1_Generics.csproj", "{74C579F8-AAB4-493A-BA93-638BB613BCA7}"
EndProject
Project("{9A19103F-16F7-4668-BE54-9A1E7A4F7556}") = "FirstWebApp", "FirstWebApp\FirstWebApp.csproj", "{AF788506-D9CE-41EB-8C34-6238AB88DCAC}"
EndProject
Project("{9A19103F-16F7-4668-BE54-9A1E7A4F7556}") = "W2_D1_ApiWebApp", "W2_D1_ApiWebApp\W2_D1_ApiWebApp.csproj", "{E957252F-F69E-41B2-9D95-169E7FD5E9F9}"
EndProject
Project("{9A19103F-16F7-4668-BE54-9A1E7A4F7556}") = "W2_D1_Project", "W2_D1_Project\W2_D1_Project.csproj", "{650720A3-946C-4BA2-8E03-C8F04531C0B9}"
EndProject
Project("{2150E333-8FDC-42A3-9474-1A3956D46DE8}") = "2406", "2406", "{FC001910-CB34-4578-80F4-163E5A88D433}"
EndProject
Project("{9A19103F-16F7-4668-BE54-9A1E7A4F7556}") = "W2_D1_DailyProjectV1", "W2_D1_DailyProjectV1\W2_D1_DailyProjectV1.csproj", "{3F94CA03-48D5-46CF-BECB-ABA818BB572F}"
EndProject
Project("{9A19103F-16F7-4668-BE54-9A1E7A4F7556}") = "W2_D1_DailyProjectWeb", "W2_D1_DailyProjectWeb\W2_D1_DailyProjectWeb.csproj", "{50DEFC0C-22FD-4AD6-ACE8-7E30FD2BCB1F}"
EndProject
Project("{9A19103F-16F7-4668-BE54-9A1E7A4F7556}") = "W2_D2_Delegates", "W2_D2_Delegates\W2_D2_Delegates.csproj", "{8F7FF2A9-A5A1-43B3-A8ED-D83F2C88CB1E}"
EndProject
Project("{9A19103F-16F7-4668-BE54-9A1E7A4F7556}") = "W2_D2_Linq", "W2_D2_Linq\W2_D2_Linq.csproj", "{C46A3466-8352-493B-8F3C-DADF6F64111D}"
EndProject
Project("{9A19103F-16F7-4668-BE54-9A1E7A4F7556}") = "W2_D2_ControllersAndActions", "W2_D2_ControllersAndActions\W2_D2_ControllersAndActions.csproj", "{E02DD4B8-96B1-4067-9A1B-67B12D89EA55}"
EndProject
Project("{9A19103F-16F7-4668-BE54-9A1E7A4F7556}") = "W2_D2_SampleApplication", "W2_D2_SampleApplication\W2_D2_SampleApplication.csproj", "{CCE54567-73A7-46DB-829B-0E1698B423D5}"
EndProject
Project("{2150E333-8FDC-42A3-9474-1A3956D46DE8}") = "2506", "2506", "{A5CECD35-FA4E-460B-BB9C-9D54D76FA110}"
EndProject
Project("{9A19103F-16F7-4668-BE54-9A1E7A4F7556}") = "W2.D2.DailyProject.Web", "W2.D2.DailyProject.Web\W2.D2.DailyProject.Web.csproj", "{5F490FB5-8793-452E-A985-8FBA12242807}"
EndProject
Project("{9A19103F-16F7-4668-BE54-9A1E7A4F7556}") = "W2.D2.DailyProject.Business", "W2.D2.DailyProject.Business\W2.D2.DailyProject.Business.csproj", "{F2CA2AA2-D095-4935-AE22-34CBFD957F1C}"
EndProject
Project("{9A19103F-16F7-4668-BE54-9A1E7A4F7556}") = "W2.D2.DailyProject.Console", "W2.D2.DailyProject.Console\W2.D2.DailyProject.Console.csproj", "{8F36A189-49EF-4FF6-8D6B-ED26DC594F27}"
EndProject
Project("{9A19103F-16F7-4668-BE54-9A1E7A4F7556}") = "W2.D2.Sample.Library", "W2.D2.Sample.Library\W2.D2.Sample.Library.csproj", "{500CDFE2-915C-490C-A2EE-24E543DE2795}"
EndProject
Project("{9A19103F-16F7-4668-BE54-9A1E7A4F7556}") = "W2.D2.Sample.AppConsole", "W2.D2.Sample.AppConsole\W2.D2.Sample.AppConsole.csproj", "{B4C106C8-707C-4578-BDD2-17BD034D3030}"
EndProject
Project("{9A19103F-16F7-4668-BE54-9A1E7A4F7556}") = "W2.D2.Sample.WebApp", "W2.D2.Sample.WebApp\W2.D2.Sample.WebApp.csproj", "{B71569C3-ACAD-4A1E-9FF3-29C536937B29}"
EndProject
Project("{9A19103F-16F7-4668-BE54-9A1E7A4F7556}") = "W2.D3.References", "W2.D3.References\W2.D3.References.csproj", "{9FAD3ECD-BE8F-4B48-9DA2-115F4D70833A}"
EndProject
Project("{9A19103F-16F7-4668-BE54-9A1E7A4F7556}") = "W2.D3.EqualsAndHashCode", "W2.D3.EqualsAndHashCode\W2.D3.EqualsAndHashCode.csproj", "{576A08A7-3C55-48A4-8466-98369F89BC34}"
EndProject
Project("{2150E333-8FDC-42A3-9474-1A3956D46DE8}") = "2606", "2606", "{4DFEED5C-4F0F-4096-8D4A-C571A36D94E1}"
EndProject
Project("{9A19103F-16F7-4668-BE54-9A1E7A4F7556}") = "W2.D3.WebAppSample", "W2.D3.WebAppSample\W2.D3.WebAppSample.csproj", "{B91C7555-CE79-46B0-A208-6A0557EC8809}"
EndProject
Project("{9A19103F-16F7-4668-BE54-9A1E7A4F7556}") = "W3.D3.DailyProject", "W3.D3.DailyProject\W3.D3.DailyProject.csproj", "{5DE92AB9-773B-4AED-83DB-0703B387385F}"
EndProject
Project("{FAE04EC0-301F-11D3-BF4B-00C04F79EFBC}") = "W2_D4_CollectionsAndLinq", "W2_D4_CollectionsAndLinq\W2_D4_CollectionsAndLinq.csproj", "{4D6D7EA8-D0A2-4C05-A4E0-8EE5B06BC892}"
EndProject
Project("{FAE04EC0-301F-11D3-BF4B-00C04F79EFBC}") = "W2.D4.BlogWebApp", "W2.D4.BlogWebApp\W2.D4.BlogWebApp.csproj", "{A0D3C830-40AD-40E9-8ADE-1C1369AD3F3D}"
EndProject
Global
	GlobalSection(SolutionConfigurationPlatforms) = preSolution
		Debug|Any CPU = Debug|Any CPU
		Debug|ARM64 = Debug|ARM64
		Debug|x64 = Debug|x64
		Debug|x86 = Debug|x86
		Release|Any CPU = Release|Any CPU
		Release|ARM64 = Release|ARM64
		Release|x64 = Release|x64
		Release|x86 = Release|x86
	EndGlobalSection
	GlobalSection(ProjectConfigurationPlatforms) = postSolution
		{CE6EC124-0BBD-4E1C-BDC9-6FCA9FD52123}.Debug|Any CPU.ActiveCfg = Debug|Any CPU
		{CE6EC124-0BBD-4E1C-BDC9-6FCA9FD52123}.Debug|Any CPU.Build.0 = Debug|Any CPU
		{CE6EC124-0BBD-4E1C-BDC9-6FCA9FD52123}.Debug|ARM64.ActiveCfg = Debug|Any CPU
		{CE6EC124-0BBD-4E1C-BDC9-6FCA9FD52123}.Debug|ARM64.Build.0 = Debug|Any CPU
		{CE6EC124-0BBD-4E1C-BDC9-6FCA9FD52123}.Debug|x64.ActiveCfg = Debug|Any CPU
		{CE6EC124-0BBD-4E1C-BDC9-6FCA9FD52123}.Debug|x64.Build.0 = Debug|Any CPU
		{CE6EC124-0BBD-4E1C-BDC9-6FCA9FD52123}.Debug|x86.ActiveCfg = Debug|Any CPU
		{CE6EC124-0BBD-4E1C-BDC9-6FCA9FD52123}.Debug|x86.Build.0 = Debug|Any CPU
		{CE6EC124-0BBD-4E1C-BDC9-6FCA9FD52123}.Release|Any CPU.ActiveCfg = Release|Any CPU
		{CE6EC124-0BBD-4E1C-BDC9-6FCA9FD52123}.Release|Any CPU.Build.0 = Release|Any CPU
		{CE6EC124-0BBD-4E1C-BDC9-6FCA9FD52123}.Release|ARM64.ActiveCfg = Release|Any CPU
		{CE6EC124-0BBD-4E1C-BDC9-6FCA9FD52123}.Release|ARM64.Build.0 = Release|Any CPU
		{CE6EC124-0BBD-4E1C-BDC9-6FCA9FD52123}.Release|x64.ActiveCfg = Release|Any CPU
		{CE6EC124-0BBD-4E1C-BDC9-6FCA9FD52123}.Release|x64.Build.0 = Release|Any CPU
		{CE6EC124-0BBD-4E1C-BDC9-6FCA9FD52123}.Release|x86.ActiveCfg = Release|Any CPU
		{CE6EC124-0BBD-4E1C-BDC9-6FCA9FD52123}.Release|x86.Build.0 = Release|Any CPU
		{2E706438-D209-4F1D-9093-9A494B6E0A4B}.Debug|Any CPU.ActiveCfg = Debug|Any CPU
		{2E706438-D209-4F1D-9093-9A494B6E0A4B}.Debug|Any CPU.Build.0 = Debug|Any CPU
		{2E706438-D209-4F1D-9093-9A494B6E0A4B}.Debug|ARM64.ActiveCfg = Debug|Any CPU
		{2E706438-D209-4F1D-9093-9A494B6E0A4B}.Debug|ARM64.Build.0 = Debug|Any CPU
		{2E706438-D209-4F1D-9093-9A494B6E0A4B}.Debug|x64.ActiveCfg = Debug|Any CPU
		{2E706438-D209-4F1D-9093-9A494B6E0A4B}.Debug|x64.Build.0 = Debug|Any CPU
		{2E706438-D209-4F1D-9093-9A494B6E0A4B}.Debug|x86.ActiveCfg = Debug|Any CPU
		{2E706438-D209-4F1D-9093-9A494B6E0A4B}.Debug|x86.Build.0 = Debug|Any CPU
		{2E706438-D209-4F1D-9093-9A494B6E0A4B}.Release|Any CPU.ActiveCfg = Release|Any CPU
		{2E706438-D209-4F1D-9093-9A494B6E0A4B}.Release|Any CPU.Build.0 = Release|Any CPU
		{2E706438-D209-4F1D-9093-9A494B6E0A4B}.Release|ARM64.ActiveCfg = Release|Any CPU
		{2E706438-D209-4F1D-9093-9A494B6E0A4B}.Release|ARM64.Build.0 = Release|Any CPU
		{2E706438-D209-4F1D-9093-9A494B6E0A4B}.Release|x64.ActiveCfg = Release|Any CPU
		{2E706438-D209-4F1D-9093-9A494B6E0A4B}.Release|x64.Build.0 = Release|Any CPU
		{2E706438-D209-4F1D-9093-9A494B6E0A4B}.Release|x86.ActiveCfg = Release|Any CPU
		{2E706438-D209-4F1D-9093-9A494B6E0A4B}.Release|x86.Build.0 = Release|Any CPU
		{A7F39807-7657-4D8B-8445-3A7D94391C1A}.Debug|Any CPU.ActiveCfg = Debug|Any CPU
		{A7F39807-7657-4D8B-8445-3A7D94391C1A}.Debug|Any CPU.Build.0 = Debug|Any CPU
		{A7F39807-7657-4D8B-8445-3A7D94391C1A}.Debug|ARM64.ActiveCfg = Debug|Any CPU
		{A7F39807-7657-4D8B-8445-3A7D94391C1A}.Debug|ARM64.Build.0 = Debug|Any CPU
		{A7F39807-7657-4D8B-8445-3A7D94391C1A}.Debug|x64.ActiveCfg = Debug|Any CPU
		{A7F39807-7657-4D8B-8445-3A7D94391C1A}.Debug|x64.Build.0 = Debug|Any CPU
		{A7F39807-7657-4D8B-8445-3A7D94391C1A}.Debug|x86.ActiveCfg = Debug|Any CPU
		{A7F39807-7657-4D8B-8445-3A7D94391C1A}.Debug|x86.Build.0 = Debug|Any CPU
		{A7F39807-7657-4D8B-8445-3A7D94391C1A}.Release|Any CPU.ActiveCfg = Release|Any CPU
		{A7F39807-7657-4D8B-8445-3A7D94391C1A}.Release|Any CPU.Build.0 = Release|Any CPU
		{A7F39807-7657-4D8B-8445-3A7D94391C1A}.Release|ARM64.ActiveCfg = Release|Any CPU
		{A7F39807-7657-4D8B-8445-3A7D94391C1A}.Release|ARM64.Build.0 = Release|Any CPU
		{A7F39807-7657-4D8B-8445-3A7D94391C1A}.Release|x64.ActiveCfg = Release|Any CPU
		{A7F39807-7657-4D8B-8445-3A7D94391C1A}.Release|x64.Build.0 = Release|Any CPU
		{A7F39807-7657-4D8B-8445-3A7D94391C1A}.Release|x86.ActiveCfg = Release|Any CPU
		{A7F39807-7657-4D8B-8445-3A7D94391C1A}.Release|x86.Build.0 = Release|Any CPU
		{E48BFC32-FD6E-47CC-98BE-D2303813F5E5}.Debug|Any CPU.ActiveCfg = Debug|Any CPU
		{E48BFC32-FD6E-47CC-98BE-D2303813F5E5}.Debug|Any CPU.Build.0 = Debug|Any CPU
		{E48BFC32-FD6E-47CC-98BE-D2303813F5E5}.Debug|ARM64.ActiveCfg = Debug|Any CPU
		{E48BFC32-FD6E-47CC-98BE-D2303813F5E5}.Debug|ARM64.Build.0 = Debug|Any CPU
		{E48BFC32-FD6E-47CC-98BE-D2303813F5E5}.Debug|x64.ActiveCfg = Debug|Any CPU
		{E48BFC32-FD6E-47CC-98BE-D2303813F5E5}.Debug|x64.Build.0 = Debug|Any CPU
		{E48BFC32-FD6E-47CC-98BE-D2303813F5E5}.Debug|x86.ActiveCfg = Debug|Any CPU
		{E48BFC32-FD6E-47CC-98BE-D2303813F5E5}.Debug|x86.Build.0 = Debug|Any CPU
		{E48BFC32-FD6E-47CC-98BE-D2303813F5E5}.Release|Any CPU.ActiveCfg = Release|Any CPU
		{E48BFC32-FD6E-47CC-98BE-D2303813F5E5}.Release|Any CPU.Build.0 = Release|Any CPU
		{E48BFC32-FD6E-47CC-98BE-D2303813F5E5}.Release|ARM64.ActiveCfg = Release|Any CPU
		{E48BFC32-FD6E-47CC-98BE-D2303813F5E5}.Release|ARM64.Build.0 = Release|Any CPU
		{E48BFC32-FD6E-47CC-98BE-D2303813F5E5}.Release|x64.ActiveCfg = Release|Any CPU
		{E48BFC32-FD6E-47CC-98BE-D2303813F5E5}.Release|x64.Build.0 = Release|Any CPU
		{E48BFC32-FD6E-47CC-98BE-D2303813F5E5}.Release|x86.ActiveCfg = Release|Any CPU
		{E48BFC32-FD6E-47CC-98BE-D2303813F5E5}.Release|x86.Build.0 = Release|Any CPU
		{AC5649BE-675C-4E25-A717-32AEC5378292}.Debug|Any CPU.ActiveCfg = Debug|Any CPU
		{AC5649BE-675C-4E25-A717-32AEC5378292}.Debug|Any CPU.Build.0 = Debug|Any CPU
		{AC5649BE-675C-4E25-A717-32AEC5378292}.Debug|ARM64.ActiveCfg = Debug|Any CPU
		{AC5649BE-675C-4E25-A717-32AEC5378292}.Debug|ARM64.Build.0 = Debug|Any CPU
		{AC5649BE-675C-4E25-A717-32AEC5378292}.Debug|x64.ActiveCfg = Debug|Any CPU
		{AC5649BE-675C-4E25-A717-32AEC5378292}.Debug|x64.Build.0 = Debug|Any CPU
		{AC5649BE-675C-4E25-A717-32AEC5378292}.Debug|x86.ActiveCfg = Debug|Any CPU
		{AC5649BE-675C-4E25-A717-32AEC5378292}.Debug|x86.Build.0 = Debug|Any CPU
		{AC5649BE-675C-4E25-A717-32AEC5378292}.Release|Any CPU.ActiveCfg = Release|Any CPU
		{AC5649BE-675C-4E25-A717-32AEC5378292}.Release|Any CPU.Build.0 = Release|Any CPU
		{AC5649BE-675C-4E25-A717-32AEC5378292}.Release|ARM64.ActiveCfg = Release|Any CPU
		{AC5649BE-675C-4E25-A717-32AEC5378292}.Release|ARM64.Build.0 = Release|Any CPU
		{AC5649BE-675C-4E25-A717-32AEC5378292}.Release|x64.ActiveCfg = Release|Any CPU
		{AC5649BE-675C-4E25-A717-32AEC5378292}.Release|x64.Build.0 = Release|Any CPU
		{AC5649BE-675C-4E25-A717-32AEC5378292}.Release|x86.ActiveCfg = Release|Any CPU
		{AC5649BE-675C-4E25-A717-32AEC5378292}.Release|x86.Build.0 = Release|Any CPU
		{2BA19E34-1B96-469E-B6CC-363CA9542BED}.Debug|Any CPU.ActiveCfg = Debug|Any CPU
		{2BA19E34-1B96-469E-B6CC-363CA9542BED}.Debug|Any CPU.Build.0 = Debug|Any CPU
		{2BA19E34-1B96-469E-B6CC-363CA9542BED}.Debug|ARM64.ActiveCfg = Debug|Any CPU
		{2BA19E34-1B96-469E-B6CC-363CA9542BED}.Debug|ARM64.Build.0 = Debug|Any CPU
		{2BA19E34-1B96-469E-B6CC-363CA9542BED}.Debug|x64.ActiveCfg = Debug|Any CPU
		{2BA19E34-1B96-469E-B6CC-363CA9542BED}.Debug|x64.Build.0 = Debug|Any CPU
		{2BA19E34-1B96-469E-B6CC-363CA9542BED}.Debug|x86.ActiveCfg = Debug|Any CPU
		{2BA19E34-1B96-469E-B6CC-363CA9542BED}.Debug|x86.Build.0 = Debug|Any CPU
		{2BA19E34-1B96-469E-B6CC-363CA9542BED}.Release|Any CPU.ActiveCfg = Release|Any CPU
		{2BA19E34-1B96-469E-B6CC-363CA9542BED}.Release|Any CPU.Build.0 = Release|Any CPU
		{2BA19E34-1B96-469E-B6CC-363CA9542BED}.Release|ARM64.ActiveCfg = Release|Any CPU
		{2BA19E34-1B96-469E-B6CC-363CA9542BED}.Release|ARM64.Build.0 = Release|Any CPU
		{2BA19E34-1B96-469E-B6CC-363CA9542BED}.Release|x64.ActiveCfg = Release|Any CPU
		{2BA19E34-1B96-469E-B6CC-363CA9542BED}.Release|x64.Build.0 = Release|Any CPU
		{2BA19E34-1B96-469E-B6CC-363CA9542BED}.Release|x86.ActiveCfg = Release|Any CPU
		{2BA19E34-1B96-469E-B6CC-363CA9542BED}.Release|x86.Build.0 = Release|Any CPU
		{FFAEDFC5-A940-452D-AB22-DF6E9BEB25E2}.Debug|Any CPU.ActiveCfg = Debug|Any CPU
		{FFAEDFC5-A940-452D-AB22-DF6E9BEB25E2}.Debug|Any CPU.Build.0 = Debug|Any CPU
		{FFAEDFC5-A940-452D-AB22-DF6E9BEB25E2}.Debug|ARM64.ActiveCfg = Debug|Any CPU
		{FFAEDFC5-A940-452D-AB22-DF6E9BEB25E2}.Debug|ARM64.Build.0 = Debug|Any CPU
		{FFAEDFC5-A940-452D-AB22-DF6E9BEB25E2}.Debug|x64.ActiveCfg = Debug|Any CPU
		{FFAEDFC5-A940-452D-AB22-DF6E9BEB25E2}.Debug|x64.Build.0 = Debug|Any CPU
		{FFAEDFC5-A940-452D-AB22-DF6E9BEB25E2}.Debug|x86.ActiveCfg = Debug|Any CPU
		{FFAEDFC5-A940-452D-AB22-DF6E9BEB25E2}.Debug|x86.Build.0 = Debug|Any CPU
		{FFAEDFC5-A940-452D-AB22-DF6E9BEB25E2}.Release|Any CPU.ActiveCfg = Release|Any CPU
		{FFAEDFC5-A940-452D-AB22-DF6E9BEB25E2}.Release|Any CPU.Build.0 = Release|Any CPU
		{FFAEDFC5-A940-452D-AB22-DF6E9BEB25E2}.Release|ARM64.ActiveCfg = Release|Any CPU
		{FFAEDFC5-A940-452D-AB22-DF6E9BEB25E2}.Release|ARM64.Build.0 = Release|Any CPU
		{FFAEDFC5-A940-452D-AB22-DF6E9BEB25E2}.Release|x64.ActiveCfg = Release|Any CPU
		{FFAEDFC5-A940-452D-AB22-DF6E9BEB25E2}.Release|x64.Build.0 = Release|Any CPU
		{FFAEDFC5-A940-452D-AB22-DF6E9BEB25E2}.Release|x86.ActiveCfg = Release|Any CPU
		{FFAEDFC5-A940-452D-AB22-DF6E9BEB25E2}.Release|x86.Build.0 = Release|Any CPU
		{E3DAB07C-DE0B-4E3E-B699-B2548D9F3408}.Debug|Any CPU.ActiveCfg = Debug|Any CPU
		{E3DAB07C-DE0B-4E3E-B699-B2548D9F3408}.Debug|Any CPU.Build.0 = Debug|Any CPU
		{E3DAB07C-DE0B-4E3E-B699-B2548D9F3408}.Debug|ARM64.ActiveCfg = Debug|Any CPU
		{E3DAB07C-DE0B-4E3E-B699-B2548D9F3408}.Debug|ARM64.Build.0 = Debug|Any CPU
		{E3DAB07C-DE0B-4E3E-B699-B2548D9F3408}.Debug|x64.ActiveCfg = Debug|Any CPU
		{E3DAB07C-DE0B-4E3E-B699-B2548D9F3408}.Debug|x64.Build.0 = Debug|Any CPU
		{E3DAB07C-DE0B-4E3E-B699-B2548D9F3408}.Debug|x86.ActiveCfg = Debug|Any CPU
		{E3DAB07C-DE0B-4E3E-B699-B2548D9F3408}.Debug|x86.Build.0 = Debug|Any CPU
		{E3DAB07C-DE0B-4E3E-B699-B2548D9F3408}.Release|Any CPU.ActiveCfg = Release|Any CPU
		{E3DAB07C-DE0B-4E3E-B699-B2548D9F3408}.Release|Any CPU.Build.0 = Release|Any CPU
		{E3DAB07C-DE0B-4E3E-B699-B2548D9F3408}.Release|ARM64.ActiveCfg = Release|Any CPU
		{E3DAB07C-DE0B-4E3E-B699-B2548D9F3408}.Release|ARM64.Build.0 = Release|Any CPU
		{E3DAB07C-DE0B-4E3E-B699-B2548D9F3408}.Release|x64.ActiveCfg = Release|Any CPU
		{E3DAB07C-DE0B-4E3E-B699-B2548D9F3408}.Release|x64.Build.0 = Release|Any CPU
		{E3DAB07C-DE0B-4E3E-B699-B2548D9F3408}.Release|x86.ActiveCfg = Release|Any CPU
		{E3DAB07C-DE0B-4E3E-B699-B2548D9F3408}.Release|x86.Build.0 = Release|Any CPU
		{2749AB3A-07CE-4ED4-BF86-82CAEA2FC152}.Debug|Any CPU.ActiveCfg = Debug|Any CPU
		{2749AB3A-07CE-4ED4-BF86-82CAEA2FC152}.Debug|Any CPU.Build.0 = Debug|Any CPU
		{2749AB3A-07CE-4ED4-BF86-82CAEA2FC152}.Debug|ARM64.ActiveCfg = Debug|Any CPU
		{2749AB3A-07CE-4ED4-BF86-82CAEA2FC152}.Debug|ARM64.Build.0 = Debug|Any CPU
		{2749AB3A-07CE-4ED4-BF86-82CAEA2FC152}.Debug|x64.ActiveCfg = Debug|Any CPU
		{2749AB3A-07CE-4ED4-BF86-82CAEA2FC152}.Debug|x64.Build.0 = Debug|Any CPU
		{2749AB3A-07CE-4ED4-BF86-82CAEA2FC152}.Debug|x86.ActiveCfg = Debug|Any CPU
		{2749AB3A-07CE-4ED4-BF86-82CAEA2FC152}.Debug|x86.Build.0 = Debug|Any CPU
		{2749AB3A-07CE-4ED4-BF86-82CAEA2FC152}.Release|Any CPU.ActiveCfg = Release|Any CPU
		{2749AB3A-07CE-4ED4-BF86-82CAEA2FC152}.Release|Any CPU.Build.0 = Release|Any CPU
		{2749AB3A-07CE-4ED4-BF86-82CAEA2FC152}.Release|ARM64.ActiveCfg = Release|Any CPU
		{2749AB3A-07CE-4ED4-BF86-82CAEA2FC152}.Release|ARM64.Build.0 = Release|Any CPU
		{2749AB3A-07CE-4ED4-BF86-82CAEA2FC152}.Release|x64.ActiveCfg = Release|Any CPU
		{2749AB3A-07CE-4ED4-BF86-82CAEA2FC152}.Release|x64.Build.0 = Release|Any CPU
		{2749AB3A-07CE-4ED4-BF86-82CAEA2FC152}.Release|x86.ActiveCfg = Release|Any CPU
		{2749AB3A-07CE-4ED4-BF86-82CAEA2FC152}.Release|x86.Build.0 = Release|Any CPU
		{A5517BD3-34D3-43E6-9B07-9F97B27DA2ED}.Debug|Any CPU.ActiveCfg = Debug|Any CPU
		{A5517BD3-34D3-43E6-9B07-9F97B27DA2ED}.Debug|Any CPU.Build.0 = Debug|Any CPU
		{A5517BD3-34D3-43E6-9B07-9F97B27DA2ED}.Debug|ARM64.ActiveCfg = Debug|Any CPU
		{A5517BD3-34D3-43E6-9B07-9F97B27DA2ED}.Debug|ARM64.Build.0 = Debug|Any CPU
		{A5517BD3-34D3-43E6-9B07-9F97B27DA2ED}.Debug|x64.ActiveCfg = Debug|Any CPU
		{A5517BD3-34D3-43E6-9B07-9F97B27DA2ED}.Debug|x64.Build.0 = Debug|Any CPU
		{A5517BD3-34D3-43E6-9B07-9F97B27DA2ED}.Debug|x86.ActiveCfg = Debug|Any CPU
		{A5517BD3-34D3-43E6-9B07-9F97B27DA2ED}.Debug|x86.Build.0 = Debug|Any CPU
		{A5517BD3-34D3-43E6-9B07-9F97B27DA2ED}.Release|Any CPU.ActiveCfg = Release|Any CPU
		{A5517BD3-34D3-43E6-9B07-9F97B27DA2ED}.Release|Any CPU.Build.0 = Release|Any CPU
		{A5517BD3-34D3-43E6-9B07-9F97B27DA2ED}.Release|ARM64.ActiveCfg = Release|Any CPU
		{A5517BD3-34D3-43E6-9B07-9F97B27DA2ED}.Release|ARM64.Build.0 = Release|Any CPU
		{A5517BD3-34D3-43E6-9B07-9F97B27DA2ED}.Release|x64.ActiveCfg = Release|Any CPU
		{A5517BD3-34D3-43E6-9B07-9F97B27DA2ED}.Release|x64.Build.0 = Release|Any CPU
		{A5517BD3-34D3-43E6-9B07-9F97B27DA2ED}.Release|x86.ActiveCfg = Release|Any CPU
		{A5517BD3-34D3-43E6-9B07-9F97B27DA2ED}.Release|x86.Build.0 = Release|Any CPU
		{AFD8DE6A-55F9-457F-9BAE-013B9735AFAA}.Debug|Any CPU.ActiveCfg = Debug|Any CPU
		{AFD8DE6A-55F9-457F-9BAE-013B9735AFAA}.Debug|Any CPU.Build.0 = Debug|Any CPU
		{AFD8DE6A-55F9-457F-9BAE-013B9735AFAA}.Debug|ARM64.ActiveCfg = Debug|Any CPU
		{AFD8DE6A-55F9-457F-9BAE-013B9735AFAA}.Debug|ARM64.Build.0 = Debug|Any CPU
		{AFD8DE6A-55F9-457F-9BAE-013B9735AFAA}.Debug|x64.ActiveCfg = Debug|Any CPU
		{AFD8DE6A-55F9-457F-9BAE-013B9735AFAA}.Debug|x64.Build.0 = Debug|Any CPU
		{AFD8DE6A-55F9-457F-9BAE-013B9735AFAA}.Debug|x86.ActiveCfg = Debug|Any CPU
		{AFD8DE6A-55F9-457F-9BAE-013B9735AFAA}.Debug|x86.Build.0 = Debug|Any CPU
		{AFD8DE6A-55F9-457F-9BAE-013B9735AFAA}.Release|Any CPU.ActiveCfg = Release|Any CPU
		{AFD8DE6A-55F9-457F-9BAE-013B9735AFAA}.Release|Any CPU.Build.0 = Release|Any CPU
		{AFD8DE6A-55F9-457F-9BAE-013B9735AFAA}.Release|ARM64.ActiveCfg = Release|Any CPU
		{AFD8DE6A-55F9-457F-9BAE-013B9735AFAA}.Release|ARM64.Build.0 = Release|Any CPU
		{AFD8DE6A-55F9-457F-9BAE-013B9735AFAA}.Release|x64.ActiveCfg = Release|Any CPU
		{AFD8DE6A-55F9-457F-9BAE-013B9735AFAA}.Release|x64.Build.0 = Release|Any CPU
		{AFD8DE6A-55F9-457F-9BAE-013B9735AFAA}.Release|x86.ActiveCfg = Release|Any CPU
		{AFD8DE6A-55F9-457F-9BAE-013B9735AFAA}.Release|x86.Build.0 = Release|Any CPU
		{97B1CCAA-3B75-49A8-8CFA-BBF296ECF420}.Debug|Any CPU.ActiveCfg = Debug|Any CPU
		{97B1CCAA-3B75-49A8-8CFA-BBF296ECF420}.Debug|Any CPU.Build.0 = Debug|Any CPU
		{97B1CCAA-3B75-49A8-8CFA-BBF296ECF420}.Debug|ARM64.ActiveCfg = Debug|Any CPU
		{97B1CCAA-3B75-49A8-8CFA-BBF296ECF420}.Debug|ARM64.Build.0 = Debug|Any CPU
		{97B1CCAA-3B75-49A8-8CFA-BBF296ECF420}.Debug|x64.ActiveCfg = Debug|Any CPU
		{97B1CCAA-3B75-49A8-8CFA-BBF296ECF420}.Debug|x64.Build.0 = Debug|Any CPU
		{97B1CCAA-3B75-49A8-8CFA-BBF296ECF420}.Debug|x86.ActiveCfg = Debug|Any CPU
		{97B1CCAA-3B75-49A8-8CFA-BBF296ECF420}.Debug|x86.Build.0 = Debug|Any CPU
		{97B1CCAA-3B75-49A8-8CFA-BBF296ECF420}.Release|Any CPU.ActiveCfg = Release|Any CPU
		{97B1CCAA-3B75-49A8-8CFA-BBF296ECF420}.Release|Any CPU.Build.0 = Release|Any CPU
		{97B1CCAA-3B75-49A8-8CFA-BBF296ECF420}.Release|ARM64.ActiveCfg = Release|Any CPU
		{97B1CCAA-3B75-49A8-8CFA-BBF296ECF420}.Release|ARM64.Build.0 = Release|Any CPU
		{97B1CCAA-3B75-49A8-8CFA-BBF296ECF420}.Release|x64.ActiveCfg = Release|Any CPU
		{97B1CCAA-3B75-49A8-8CFA-BBF296ECF420}.Release|x64.Build.0 = Release|Any CPU
		{97B1CCAA-3B75-49A8-8CFA-BBF296ECF420}.Release|x86.ActiveCfg = Release|Any CPU
		{97B1CCAA-3B75-49A8-8CFA-BBF296ECF420}.Release|x86.Build.0 = Release|Any CPU
		{54233491-DCF2-4551-B42A-316B72657563}.Debug|Any CPU.ActiveCfg = Debug|Any CPU
		{54233491-DCF2-4551-B42A-316B72657563}.Debug|Any CPU.Build.0 = Debug|Any CPU
		{54233491-DCF2-4551-B42A-316B72657563}.Debug|ARM64.ActiveCfg = Debug|Any CPU
		{54233491-DCF2-4551-B42A-316B72657563}.Debug|ARM64.Build.0 = Debug|Any CPU
		{54233491-DCF2-4551-B42A-316B72657563}.Debug|x64.ActiveCfg = Debug|Any CPU
		{54233491-DCF2-4551-B42A-316B72657563}.Debug|x64.Build.0 = Debug|Any CPU
		{54233491-DCF2-4551-B42A-316B72657563}.Debug|x86.ActiveCfg = Debug|Any CPU
		{54233491-DCF2-4551-B42A-316B72657563}.Debug|x86.Build.0 = Debug|Any CPU
		{54233491-DCF2-4551-B42A-316B72657563}.Release|Any CPU.ActiveCfg = Release|Any CPU
		{54233491-DCF2-4551-B42A-316B72657563}.Release|Any CPU.Build.0 = Release|Any CPU
		{54233491-DCF2-4551-B42A-316B72657563}.Release|ARM64.ActiveCfg = Release|Any CPU
		{54233491-DCF2-4551-B42A-316B72657563}.Release|ARM64.Build.0 = Release|Any CPU
		{54233491-DCF2-4551-B42A-316B72657563}.Release|x64.ActiveCfg = Release|Any CPU
		{54233491-DCF2-4551-B42A-316B72657563}.Release|x64.Build.0 = Release|Any CPU
		{54233491-DCF2-4551-B42A-316B72657563}.Release|x86.ActiveCfg = Release|Any CPU
		{54233491-DCF2-4551-B42A-316B72657563}.Release|x86.Build.0 = Release|Any CPU
		{BF9F0173-B016-4CED-B0CC-B9B72AD1BA39}.Debug|Any CPU.ActiveCfg = Debug|Any CPU
		{BF9F0173-B016-4CED-B0CC-B9B72AD1BA39}.Debug|Any CPU.Build.0 = Debug|Any CPU
		{BF9F0173-B016-4CED-B0CC-B9B72AD1BA39}.Debug|ARM64.ActiveCfg = Debug|Any CPU
		{BF9F0173-B016-4CED-B0CC-B9B72AD1BA39}.Debug|ARM64.Build.0 = Debug|Any CPU
		{BF9F0173-B016-4CED-B0CC-B9B72AD1BA39}.Debug|x64.ActiveCfg = Debug|Any CPU
		{BF9F0173-B016-4CED-B0CC-B9B72AD1BA39}.Debug|x64.Build.0 = Debug|Any CPU
		{BF9F0173-B016-4CED-B0CC-B9B72AD1BA39}.Debug|x86.ActiveCfg = Debug|Any CPU
		{BF9F0173-B016-4CED-B0CC-B9B72AD1BA39}.Debug|x86.Build.0 = Debug|Any CPU
		{BF9F0173-B016-4CED-B0CC-B9B72AD1BA39}.Release|Any CPU.ActiveCfg = Release|Any CPU
		{BF9F0173-B016-4CED-B0CC-B9B72AD1BA39}.Release|Any CPU.Build.0 = Release|Any CPU
		{BF9F0173-B016-4CED-B0CC-B9B72AD1BA39}.Release|ARM64.ActiveCfg = Release|Any CPU
		{BF9F0173-B016-4CED-B0CC-B9B72AD1BA39}.Release|ARM64.Build.0 = Release|Any CPU
		{BF9F0173-B016-4CED-B0CC-B9B72AD1BA39}.Release|x64.ActiveCfg = Release|Any CPU
		{BF9F0173-B016-4CED-B0CC-B9B72AD1BA39}.Release|x64.Build.0 = Release|Any CPU
		{BF9F0173-B016-4CED-B0CC-B9B72AD1BA39}.Release|x86.ActiveCfg = Release|Any CPU
		{BF9F0173-B016-4CED-B0CC-B9B72AD1BA39}.Release|x86.Build.0 = Release|Any CPU
		{FB55DAF2-2C72-4295-B007-CE7AB5F95B2D}.Debug|Any CPU.ActiveCfg = Debug|Any CPU
		{FB55DAF2-2C72-4295-B007-CE7AB5F95B2D}.Debug|Any CPU.Build.0 = Debug|Any CPU
		{FB55DAF2-2C72-4295-B007-CE7AB5F95B2D}.Debug|ARM64.ActiveCfg = Debug|Any CPU
		{FB55DAF2-2C72-4295-B007-CE7AB5F95B2D}.Debug|ARM64.Build.0 = Debug|Any CPU
		{FB55DAF2-2C72-4295-B007-CE7AB5F95B2D}.Debug|x64.ActiveCfg = Debug|Any CPU
		{FB55DAF2-2C72-4295-B007-CE7AB5F95B2D}.Debug|x64.Build.0 = Debug|Any CPU
		{FB55DAF2-2C72-4295-B007-CE7AB5F95B2D}.Debug|x86.ActiveCfg = Debug|Any CPU
		{FB55DAF2-2C72-4295-B007-CE7AB5F95B2D}.Debug|x86.Build.0 = Debug|Any CPU
		{FB55DAF2-2C72-4295-B007-CE7AB5F95B2D}.Release|Any CPU.ActiveCfg = Release|Any CPU
		{FB55DAF2-2C72-4295-B007-CE7AB5F95B2D}.Release|Any CPU.Build.0 = Release|Any CPU
		{FB55DAF2-2C72-4295-B007-CE7AB5F95B2D}.Release|ARM64.ActiveCfg = Release|Any CPU
		{FB55DAF2-2C72-4295-B007-CE7AB5F95B2D}.Release|ARM64.Build.0 = Release|Any CPU
		{FB55DAF2-2C72-4295-B007-CE7AB5F95B2D}.Release|x64.ActiveCfg = Release|Any CPU
		{FB55DAF2-2C72-4295-B007-CE7AB5F95B2D}.Release|x64.Build.0 = Release|Any CPU
		{FB55DAF2-2C72-4295-B007-CE7AB5F95B2D}.Release|x86.ActiveCfg = Release|Any CPU
		{FB55DAF2-2C72-4295-B007-CE7AB5F95B2D}.Release|x86.Build.0 = Release|Any CPU
		{82E3E7BC-AE72-45CB-AA0A-407D0F63801B}.Debug|Any CPU.ActiveCfg = Debug|Any CPU
		{82E3E7BC-AE72-45CB-AA0A-407D0F63801B}.Debug|Any CPU.Build.0 = Debug|Any CPU
		{82E3E7BC-AE72-45CB-AA0A-407D0F63801B}.Debug|ARM64.ActiveCfg = Debug|Any CPU
		{82E3E7BC-AE72-45CB-AA0A-407D0F63801B}.Debug|ARM64.Build.0 = Debug|Any CPU
		{82E3E7BC-AE72-45CB-AA0A-407D0F63801B}.Debug|x64.ActiveCfg = Debug|Any CPU
		{82E3E7BC-AE72-45CB-AA0A-407D0F63801B}.Debug|x64.Build.0 = Debug|Any CPU
		{82E3E7BC-AE72-45CB-AA0A-407D0F63801B}.Debug|x86.ActiveCfg = Debug|Any CPU
		{82E3E7BC-AE72-45CB-AA0A-407D0F63801B}.Debug|x86.Build.0 = Debug|Any CPU
		{82E3E7BC-AE72-45CB-AA0A-407D0F63801B}.Release|Any CPU.ActiveCfg = Release|Any CPU
		{82E3E7BC-AE72-45CB-AA0A-407D0F63801B}.Release|Any CPU.Build.0 = Release|Any CPU
		{82E3E7BC-AE72-45CB-AA0A-407D0F63801B}.Release|ARM64.ActiveCfg = Release|Any CPU
		{82E3E7BC-AE72-45CB-AA0A-407D0F63801B}.Release|ARM64.Build.0 = Release|Any CPU
		{82E3E7BC-AE72-45CB-AA0A-407D0F63801B}.Release|x64.ActiveCfg = Release|Any CPU
		{82E3E7BC-AE72-45CB-AA0A-407D0F63801B}.Release|x64.Build.0 = Release|Any CPU
		{82E3E7BC-AE72-45CB-AA0A-407D0F63801B}.Release|x86.ActiveCfg = Release|Any CPU
		{82E3E7BC-AE72-45CB-AA0A-407D0F63801B}.Release|x86.Build.0 = Release|Any CPU
		{1CADB5F4-A751-4D11-BF9D-C7BA66918E0B}.Debug|Any CPU.ActiveCfg = Debug|Any CPU
		{1CADB5F4-A751-4D11-BF9D-C7BA66918E0B}.Debug|Any CPU.Build.0 = Debug|Any CPU
		{1CADB5F4-A751-4D11-BF9D-C7BA66918E0B}.Debug|ARM64.ActiveCfg = Debug|Any CPU
		{1CADB5F4-A751-4D11-BF9D-C7BA66918E0B}.Debug|ARM64.Build.0 = Debug|Any CPU
		{1CADB5F4-A751-4D11-BF9D-C7BA66918E0B}.Debug|x64.ActiveCfg = Debug|Any CPU
		{1CADB5F4-A751-4D11-BF9D-C7BA66918E0B}.Debug|x64.Build.0 = Debug|Any CPU
		{1CADB5F4-A751-4D11-BF9D-C7BA66918E0B}.Debug|x86.ActiveCfg = Debug|Any CPU
		{1CADB5F4-A751-4D11-BF9D-C7BA66918E0B}.Debug|x86.Build.0 = Debug|Any CPU
		{1CADB5F4-A751-4D11-BF9D-C7BA66918E0B}.Release|Any CPU.ActiveCfg = Release|Any CPU
		{1CADB5F4-A751-4D11-BF9D-C7BA66918E0B}.Release|Any CPU.Build.0 = Release|Any CPU
		{1CADB5F4-A751-4D11-BF9D-C7BA66918E0B}.Release|ARM64.ActiveCfg = Release|Any CPU
		{1CADB5F4-A751-4D11-BF9D-C7BA66918E0B}.Release|ARM64.Build.0 = Release|Any CPU
		{1CADB5F4-A751-4D11-BF9D-C7BA66918E0B}.Release|x64.ActiveCfg = Release|Any CPU
		{1CADB5F4-A751-4D11-BF9D-C7BA66918E0B}.Release|x64.Build.0 = Release|Any CPU
		{1CADB5F4-A751-4D11-BF9D-C7BA66918E0B}.Release|x86.ActiveCfg = Release|Any CPU
		{1CADB5F4-A751-4D11-BF9D-C7BA66918E0B}.Release|x86.Build.0 = Release|Any CPU
		{E2FD272A-FB9F-48C8-A8FF-36BFD49A8E6C}.Debug|Any CPU.ActiveCfg = Debug|Any CPU
		{E2FD272A-FB9F-48C8-A8FF-36BFD49A8E6C}.Debug|Any CPU.Build.0 = Debug|Any CPU
		{E2FD272A-FB9F-48C8-A8FF-36BFD49A8E6C}.Debug|ARM64.ActiveCfg = Debug|Any CPU
		{E2FD272A-FB9F-48C8-A8FF-36BFD49A8E6C}.Debug|ARM64.Build.0 = Debug|Any CPU
		{E2FD272A-FB9F-48C8-A8FF-36BFD49A8E6C}.Debug|x64.ActiveCfg = Debug|Any CPU
		{E2FD272A-FB9F-48C8-A8FF-36BFD49A8E6C}.Debug|x64.Build.0 = Debug|Any CPU
		{E2FD272A-FB9F-48C8-A8FF-36BFD49A8E6C}.Debug|x86.ActiveCfg = Debug|Any CPU
		{E2FD272A-FB9F-48C8-A8FF-36BFD49A8E6C}.Debug|x86.Build.0 = Debug|Any CPU
		{E2FD272A-FB9F-48C8-A8FF-36BFD49A8E6C}.Release|Any CPU.ActiveCfg = Release|Any CPU
		{E2FD272A-FB9F-48C8-A8FF-36BFD49A8E6C}.Release|Any CPU.Build.0 = Release|Any CPU
		{E2FD272A-FB9F-48C8-A8FF-36BFD49A8E6C}.Release|ARM64.ActiveCfg = Release|Any CPU
		{E2FD272A-FB9F-48C8-A8FF-36BFD49A8E6C}.Release|ARM64.Build.0 = Release|Any CPU
		{E2FD272A-FB9F-48C8-A8FF-36BFD49A8E6C}.Release|x64.ActiveCfg = Release|Any CPU
		{E2FD272A-FB9F-48C8-A8FF-36BFD49A8E6C}.Release|x64.Build.0 = Release|Any CPU
		{E2FD272A-FB9F-48C8-A8FF-36BFD49A8E6C}.Release|x86.ActiveCfg = Release|Any CPU
		{E2FD272A-FB9F-48C8-A8FF-36BFD49A8E6C}.Release|x86.Build.0 = Release|Any CPU
		{FA112064-7090-4506-AC25-1D6E830A2992}.Debug|Any CPU.ActiveCfg = Debug|Any CPU
		{FA112064-7090-4506-AC25-1D6E830A2992}.Debug|Any CPU.Build.0 = Debug|Any CPU
		{FA112064-7090-4506-AC25-1D6E830A2992}.Debug|ARM64.ActiveCfg = Debug|Any CPU
		{FA112064-7090-4506-AC25-1D6E830A2992}.Debug|ARM64.Build.0 = Debug|Any CPU
		{FA112064-7090-4506-AC25-1D6E830A2992}.Debug|x64.ActiveCfg = Debug|Any CPU
		{FA112064-7090-4506-AC25-1D6E830A2992}.Debug|x64.Build.0 = Debug|Any CPU
		{FA112064-7090-4506-AC25-1D6E830A2992}.Debug|x86.ActiveCfg = Debug|Any CPU
		{FA112064-7090-4506-AC25-1D6E830A2992}.Debug|x86.Build.0 = Debug|Any CPU
		{FA112064-7090-4506-AC25-1D6E830A2992}.Release|Any CPU.ActiveCfg = Release|Any CPU
		{FA112064-7090-4506-AC25-1D6E830A2992}.Release|Any CPU.Build.0 = Release|Any CPU
		{FA112064-7090-4506-AC25-1D6E830A2992}.Release|ARM64.ActiveCfg = Release|Any CPU
		{FA112064-7090-4506-AC25-1D6E830A2992}.Release|ARM64.Build.0 = Release|Any CPU
		{FA112064-7090-4506-AC25-1D6E830A2992}.Release|x64.ActiveCfg = Release|Any CPU
		{FA112064-7090-4506-AC25-1D6E830A2992}.Release|x64.Build.0 = Release|Any CPU
		{FA112064-7090-4506-AC25-1D6E830A2992}.Release|x86.ActiveCfg = Release|Any CPU
		{FA112064-7090-4506-AC25-1D6E830A2992}.Release|x86.Build.0 = Release|Any CPU
		{8931062E-8DF0-4AD2-A5C8-E7284432AD51}.Debug|Any CPU.ActiveCfg = Debug|Any CPU
		{8931062E-8DF0-4AD2-A5C8-E7284432AD51}.Debug|Any CPU.Build.0 = Debug|Any CPU
		{8931062E-8DF0-4AD2-A5C8-E7284432AD51}.Debug|ARM64.ActiveCfg = Debug|Any CPU
		{8931062E-8DF0-4AD2-A5C8-E7284432AD51}.Debug|ARM64.Build.0 = Debug|Any CPU
		{8931062E-8DF0-4AD2-A5C8-E7284432AD51}.Debug|x64.ActiveCfg = Debug|Any CPU
		{8931062E-8DF0-4AD2-A5C8-E7284432AD51}.Debug|x64.Build.0 = Debug|Any CPU
		{8931062E-8DF0-4AD2-A5C8-E7284432AD51}.Debug|x86.ActiveCfg = Debug|Any CPU
		{8931062E-8DF0-4AD2-A5C8-E7284432AD51}.Debug|x86.Build.0 = Debug|Any CPU
		{8931062E-8DF0-4AD2-A5C8-E7284432AD51}.Release|Any CPU.ActiveCfg = Release|Any CPU
		{8931062E-8DF0-4AD2-A5C8-E7284432AD51}.Release|Any CPU.Build.0 = Release|Any CPU
		{8931062E-8DF0-4AD2-A5C8-E7284432AD51}.Release|ARM64.ActiveCfg = Release|Any CPU
		{8931062E-8DF0-4AD2-A5C8-E7284432AD51}.Release|ARM64.Build.0 = Release|Any CPU
		{8931062E-8DF0-4AD2-A5C8-E7284432AD51}.Release|x64.ActiveCfg = Release|Any CPU
		{8931062E-8DF0-4AD2-A5C8-E7284432AD51}.Release|x64.Build.0 = Release|Any CPU
		{8931062E-8DF0-4AD2-A5C8-E7284432AD51}.Release|x86.ActiveCfg = Release|Any CPU
		{8931062E-8DF0-4AD2-A5C8-E7284432AD51}.Release|x86.Build.0 = Release|Any CPU
		{DF3F7724-B0D5-4608-9BA1-68A0B4D02544}.Debug|Any CPU.ActiveCfg = Debug|Any CPU
		{DF3F7724-B0D5-4608-9BA1-68A0B4D02544}.Debug|Any CPU.Build.0 = Debug|Any CPU
		{DF3F7724-B0D5-4608-9BA1-68A0B4D02544}.Debug|ARM64.ActiveCfg = Debug|Any CPU
		{DF3F7724-B0D5-4608-9BA1-68A0B4D02544}.Debug|ARM64.Build.0 = Debug|Any CPU
		{DF3F7724-B0D5-4608-9BA1-68A0B4D02544}.Debug|x64.ActiveCfg = Debug|Any CPU
		{DF3F7724-B0D5-4608-9BA1-68A0B4D02544}.Debug|x64.Build.0 = Debug|Any CPU
		{DF3F7724-B0D5-4608-9BA1-68A0B4D02544}.Debug|x86.ActiveCfg = Debug|Any CPU
		{DF3F7724-B0D5-4608-9BA1-68A0B4D02544}.Debug|x86.Build.0 = Debug|Any CPU
		{DF3F7724-B0D5-4608-9BA1-68A0B4D02544}.Release|Any CPU.ActiveCfg = Release|Any CPU
		{DF3F7724-B0D5-4608-9BA1-68A0B4D02544}.Release|Any CPU.Build.0 = Release|Any CPU
		{DF3F7724-B0D5-4608-9BA1-68A0B4D02544}.Release|ARM64.ActiveCfg = Release|Any CPU
		{DF3F7724-B0D5-4608-9BA1-68A0B4D02544}.Release|ARM64.Build.0 = Release|Any CPU
		{DF3F7724-B0D5-4608-9BA1-68A0B4D02544}.Release|x64.ActiveCfg = Release|Any CPU
		{DF3F7724-B0D5-4608-9BA1-68A0B4D02544}.Release|x64.Build.0 = Release|Any CPU
		{DF3F7724-B0D5-4608-9BA1-68A0B4D02544}.Release|x86.ActiveCfg = Release|Any CPU
		{DF3F7724-B0D5-4608-9BA1-68A0B4D02544}.Release|x86.Build.0 = Release|Any CPU
		{3E69E2C3-8B61-4CD3-A0AB-EE72A968B3F1}.Debug|Any CPU.ActiveCfg = Debug|Any CPU
		{3E69E2C3-8B61-4CD3-A0AB-EE72A968B3F1}.Debug|Any CPU.Build.0 = Debug|Any CPU
		{3E69E2C3-8B61-4CD3-A0AB-EE72A968B3F1}.Debug|ARM64.ActiveCfg = Debug|Any CPU
		{3E69E2C3-8B61-4CD3-A0AB-EE72A968B3F1}.Debug|ARM64.Build.0 = Debug|Any CPU
		{3E69E2C3-8B61-4CD3-A0AB-EE72A968B3F1}.Debug|x64.ActiveCfg = Debug|Any CPU
		{3E69E2C3-8B61-4CD3-A0AB-EE72A968B3F1}.Debug|x64.Build.0 = Debug|Any CPU
		{3E69E2C3-8B61-4CD3-A0AB-EE72A968B3F1}.Debug|x86.ActiveCfg = Debug|Any CPU
		{3E69E2C3-8B61-4CD3-A0AB-EE72A968B3F1}.Debug|x86.Build.0 = Debug|Any CPU
		{3E69E2C3-8B61-4CD3-A0AB-EE72A968B3F1}.Release|Any CPU.ActiveCfg = Release|Any CPU
		{3E69E2C3-8B61-4CD3-A0AB-EE72A968B3F1}.Release|Any CPU.Build.0 = Release|Any CPU
		{3E69E2C3-8B61-4CD3-A0AB-EE72A968B3F1}.Release|ARM64.ActiveCfg = Release|Any CPU
		{3E69E2C3-8B61-4CD3-A0AB-EE72A968B3F1}.Release|ARM64.Build.0 = Release|Any CPU
		{3E69E2C3-8B61-4CD3-A0AB-EE72A968B3F1}.Release|x64.ActiveCfg = Release|Any CPU
		{3E69E2C3-8B61-4CD3-A0AB-EE72A968B3F1}.Release|x64.Build.0 = Release|Any CPU
		{3E69E2C3-8B61-4CD3-A0AB-EE72A968B3F1}.Release|x86.ActiveCfg = Release|Any CPU
		{3E69E2C3-8B61-4CD3-A0AB-EE72A968B3F1}.Release|x86.Build.0 = Release|Any CPU
		{B373A773-7337-46F6-BA9C-AD9D34F2920C}.Debug|Any CPU.ActiveCfg = Debug|Any CPU
		{B373A773-7337-46F6-BA9C-AD9D34F2920C}.Debug|Any CPU.Build.0 = Debug|Any CPU
		{B373A773-7337-46F6-BA9C-AD9D34F2920C}.Debug|ARM64.ActiveCfg = Debug|Any CPU
		{B373A773-7337-46F6-BA9C-AD9D34F2920C}.Debug|ARM64.Build.0 = Debug|Any CPU
		{B373A773-7337-46F6-BA9C-AD9D34F2920C}.Debug|x64.ActiveCfg = Debug|Any CPU
		{B373A773-7337-46F6-BA9C-AD9D34F2920C}.Debug|x64.Build.0 = Debug|Any CPU
		{B373A773-7337-46F6-BA9C-AD9D34F2920C}.Debug|x86.ActiveCfg = Debug|Any CPU
		{B373A773-7337-46F6-BA9C-AD9D34F2920C}.Debug|x86.Build.0 = Debug|Any CPU
		{B373A773-7337-46F6-BA9C-AD9D34F2920C}.Release|Any CPU.ActiveCfg = Release|Any CPU
		{B373A773-7337-46F6-BA9C-AD9D34F2920C}.Release|Any CPU.Build.0 = Release|Any CPU
		{B373A773-7337-46F6-BA9C-AD9D34F2920C}.Release|ARM64.ActiveCfg = Release|Any CPU
		{B373A773-7337-46F6-BA9C-AD9D34F2920C}.Release|ARM64.Build.0 = Release|Any CPU
		{B373A773-7337-46F6-BA9C-AD9D34F2920C}.Release|x64.ActiveCfg = Release|Any CPU
		{B373A773-7337-46F6-BA9C-AD9D34F2920C}.Release|x64.Build.0 = Release|Any CPU
		{B373A773-7337-46F6-BA9C-AD9D34F2920C}.Release|x86.ActiveCfg = Release|Any CPU
		{B373A773-7337-46F6-BA9C-AD9D34F2920C}.Release|x86.Build.0 = Release|Any CPU
		{C60E7B0D-EC44-462C-940D-9526CE52AAC2}.Debug|Any CPU.ActiveCfg = Debug|Any CPU
		{C60E7B0D-EC44-462C-940D-9526CE52AAC2}.Debug|Any CPU.Build.0 = Debug|Any CPU
		{C60E7B0D-EC44-462C-940D-9526CE52AAC2}.Debug|ARM64.ActiveCfg = Debug|Any CPU
		{C60E7B0D-EC44-462C-940D-9526CE52AAC2}.Debug|ARM64.Build.0 = Debug|Any CPU
		{C60E7B0D-EC44-462C-940D-9526CE52AAC2}.Debug|x64.ActiveCfg = Debug|Any CPU
		{C60E7B0D-EC44-462C-940D-9526CE52AAC2}.Debug|x64.Build.0 = Debug|Any CPU
		{C60E7B0D-EC44-462C-940D-9526CE52AAC2}.Debug|x86.ActiveCfg = Debug|Any CPU
		{C60E7B0D-EC44-462C-940D-9526CE52AAC2}.Debug|x86.Build.0 = Debug|Any CPU
		{C60E7B0D-EC44-462C-940D-9526CE52AAC2}.Release|Any CPU.ActiveCfg = Release|Any CPU
		{C60E7B0D-EC44-462C-940D-9526CE52AAC2}.Release|Any CPU.Build.0 = Release|Any CPU
		{C60E7B0D-EC44-462C-940D-9526CE52AAC2}.Release|ARM64.ActiveCfg = Release|Any CPU
		{C60E7B0D-EC44-462C-940D-9526CE52AAC2}.Release|ARM64.Build.0 = Release|Any CPU
		{C60E7B0D-EC44-462C-940D-9526CE52AAC2}.Release|x64.ActiveCfg = Release|Any CPU
		{C60E7B0D-EC44-462C-940D-9526CE52AAC2}.Release|x64.Build.0 = Release|Any CPU
		{C60E7B0D-EC44-462C-940D-9526CE52AAC2}.Release|x86.ActiveCfg = Release|Any CPU
		{C60E7B0D-EC44-462C-940D-9526CE52AAC2}.Release|x86.Build.0 = Release|Any CPU
		{1926A000-0FD9-4ACE-9335-DF976B64C65B}.Debug|Any CPU.ActiveCfg = Debug|Any CPU
		{1926A000-0FD9-4ACE-9335-DF976B64C65B}.Debug|Any CPU.Build.0 = Debug|Any CPU
		{1926A000-0FD9-4ACE-9335-DF976B64C65B}.Debug|ARM64.ActiveCfg = Debug|Any CPU
		{1926A000-0FD9-4ACE-9335-DF976B64C65B}.Debug|ARM64.Build.0 = Debug|Any CPU
		{1926A000-0FD9-4ACE-9335-DF976B64C65B}.Debug|x64.ActiveCfg = Debug|Any CPU
		{1926A000-0FD9-4ACE-9335-DF976B64C65B}.Debug|x64.Build.0 = Debug|Any CPU
		{1926A000-0FD9-4ACE-9335-DF976B64C65B}.Debug|x86.ActiveCfg = Debug|Any CPU
		{1926A000-0FD9-4ACE-9335-DF976B64C65B}.Debug|x86.Build.0 = Debug|Any CPU
		{1926A000-0FD9-4ACE-9335-DF976B64C65B}.Release|Any CPU.ActiveCfg = Release|Any CPU
		{1926A000-0FD9-4ACE-9335-DF976B64C65B}.Release|Any CPU.Build.0 = Release|Any CPU
		{1926A000-0FD9-4ACE-9335-DF976B64C65B}.Release|ARM64.ActiveCfg = Release|Any CPU
		{1926A000-0FD9-4ACE-9335-DF976B64C65B}.Release|ARM64.Build.0 = Release|Any CPU
		{1926A000-0FD9-4ACE-9335-DF976B64C65B}.Release|x64.ActiveCfg = Release|Any CPU
		{1926A000-0FD9-4ACE-9335-DF976B64C65B}.Release|x64.Build.0 = Release|Any CPU
		{1926A000-0FD9-4ACE-9335-DF976B64C65B}.Release|x86.ActiveCfg = Release|Any CPU
		{1926A000-0FD9-4ACE-9335-DF976B64C65B}.Release|x86.Build.0 = Release|Any CPU
		{34D8EDFA-013A-4CC8-B1B9-8112AEA18167}.Debug|Any CPU.ActiveCfg = Debug|Any CPU
		{34D8EDFA-013A-4CC8-B1B9-8112AEA18167}.Debug|Any CPU.Build.0 = Debug|Any CPU
		{34D8EDFA-013A-4CC8-B1B9-8112AEA18167}.Debug|ARM64.ActiveCfg = Debug|Any CPU
		{34D8EDFA-013A-4CC8-B1B9-8112AEA18167}.Debug|ARM64.Build.0 = Debug|Any CPU
		{34D8EDFA-013A-4CC8-B1B9-8112AEA18167}.Debug|x64.ActiveCfg = Debug|Any CPU
		{34D8EDFA-013A-4CC8-B1B9-8112AEA18167}.Debug|x64.Build.0 = Debug|Any CPU
		{34D8EDFA-013A-4CC8-B1B9-8112AEA18167}.Debug|x86.ActiveCfg = Debug|Any CPU
		{34D8EDFA-013A-4CC8-B1B9-8112AEA18167}.Debug|x86.Build.0 = Debug|Any CPU
		{34D8EDFA-013A-4CC8-B1B9-8112AEA18167}.Release|Any CPU.ActiveCfg = Release|Any CPU
		{34D8EDFA-013A-4CC8-B1B9-8112AEA18167}.Release|Any CPU.Build.0 = Release|Any CPU
		{34D8EDFA-013A-4CC8-B1B9-8112AEA18167}.Release|ARM64.ActiveCfg = Release|Any CPU
		{34D8EDFA-013A-4CC8-B1B9-8112AEA18167}.Release|ARM64.Build.0 = Release|Any CPU
		{34D8EDFA-013A-4CC8-B1B9-8112AEA18167}.Release|x64.ActiveCfg = Release|Any CPU
		{34D8EDFA-013A-4CC8-B1B9-8112AEA18167}.Release|x64.Build.0 = Release|Any CPU
		{34D8EDFA-013A-4CC8-B1B9-8112AEA18167}.Release|x86.ActiveCfg = Release|Any CPU
		{34D8EDFA-013A-4CC8-B1B9-8112AEA18167}.Release|x86.Build.0 = Release|Any CPU
		{ECA7C139-50F7-4E66-99D6-946CE90E7978}.Debug|Any CPU.ActiveCfg = Debug|Any CPU
		{ECA7C139-50F7-4E66-99D6-946CE90E7978}.Debug|Any CPU.Build.0 = Debug|Any CPU
		{ECA7C139-50F7-4E66-99D6-946CE90E7978}.Debug|ARM64.ActiveCfg = Debug|Any CPU
		{ECA7C139-50F7-4E66-99D6-946CE90E7978}.Debug|ARM64.Build.0 = Debug|Any CPU
		{ECA7C139-50F7-4E66-99D6-946CE90E7978}.Debug|x64.ActiveCfg = Debug|Any CPU
		{ECA7C139-50F7-4E66-99D6-946CE90E7978}.Debug|x64.Build.0 = Debug|Any CPU
		{ECA7C139-50F7-4E66-99D6-946CE90E7978}.Debug|x86.ActiveCfg = Debug|Any CPU
		{ECA7C139-50F7-4E66-99D6-946CE90E7978}.Debug|x86.Build.0 = Debug|Any CPU
		{ECA7C139-50F7-4E66-99D6-946CE90E7978}.Release|Any CPU.ActiveCfg = Release|Any CPU
		{ECA7C139-50F7-4E66-99D6-946CE90E7978}.Release|Any CPU.Build.0 = Release|Any CPU
		{ECA7C139-50F7-4E66-99D6-946CE90E7978}.Release|ARM64.ActiveCfg = Release|Any CPU
		{ECA7C139-50F7-4E66-99D6-946CE90E7978}.Release|ARM64.Build.0 = Release|Any CPU
		{ECA7C139-50F7-4E66-99D6-946CE90E7978}.Release|x64.ActiveCfg = Release|Any CPU
		{ECA7C139-50F7-4E66-99D6-946CE90E7978}.Release|x64.Build.0 = Release|Any CPU
		{ECA7C139-50F7-4E66-99D6-946CE90E7978}.Release|x86.ActiveCfg = Release|Any CPU
		{ECA7C139-50F7-4E66-99D6-946CE90E7978}.Release|x86.Build.0 = Release|Any CPU
		{FA85A15B-C7AE-47D7-91F0-DCB43786CF6E}.Debug|Any CPU.ActiveCfg = Debug|Any CPU
		{FA85A15B-C7AE-47D7-91F0-DCB43786CF6E}.Debug|Any CPU.Build.0 = Debug|Any CPU
		{FA85A15B-C7AE-47D7-91F0-DCB43786CF6E}.Debug|ARM64.ActiveCfg = Debug|Any CPU
		{FA85A15B-C7AE-47D7-91F0-DCB43786CF6E}.Debug|ARM64.Build.0 = Debug|Any CPU
		{FA85A15B-C7AE-47D7-91F0-DCB43786CF6E}.Debug|x64.ActiveCfg = Debug|Any CPU
		{FA85A15B-C7AE-47D7-91F0-DCB43786CF6E}.Debug|x64.Build.0 = Debug|Any CPU
		{FA85A15B-C7AE-47D7-91F0-DCB43786CF6E}.Debug|x86.ActiveCfg = Debug|Any CPU
		{FA85A15B-C7AE-47D7-91F0-DCB43786CF6E}.Debug|x86.Build.0 = Debug|Any CPU
		{FA85A15B-C7AE-47D7-91F0-DCB43786CF6E}.Release|Any CPU.ActiveCfg = Release|Any CPU
		{FA85A15B-C7AE-47D7-91F0-DCB43786CF6E}.Release|Any CPU.Build.0 = Release|Any CPU
		{FA85A15B-C7AE-47D7-91F0-DCB43786CF6E}.Release|ARM64.ActiveCfg = Release|Any CPU
		{FA85A15B-C7AE-47D7-91F0-DCB43786CF6E}.Release|ARM64.Build.0 = Release|Any CPU
		{FA85A15B-C7AE-47D7-91F0-DCB43786CF6E}.Release|x64.ActiveCfg = Release|Any CPU
		{FA85A15B-C7AE-47D7-91F0-DCB43786CF6E}.Release|x64.Build.0 = Release|Any CPU
		{FA85A15B-C7AE-47D7-91F0-DCB43786CF6E}.Release|x86.ActiveCfg = Release|Any CPU
		{FA85A15B-C7AE-47D7-91F0-DCB43786CF6E}.Release|x86.Build.0 = Release|Any CPU
		{0C120BA2-64E9-4BCB-99CA-42BFB139CD25}.Debug|Any CPU.ActiveCfg = Debug|Any CPU
		{0C120BA2-64E9-4BCB-99CA-42BFB139CD25}.Debug|Any CPU.Build.0 = Debug|Any CPU
		{0C120BA2-64E9-4BCB-99CA-42BFB139CD25}.Debug|ARM64.ActiveCfg = Debug|Any CPU
		{0C120BA2-64E9-4BCB-99CA-42BFB139CD25}.Debug|ARM64.Build.0 = Debug|Any CPU
		{0C120BA2-64E9-4BCB-99CA-42BFB139CD25}.Debug|x64.ActiveCfg = Debug|Any CPU
		{0C120BA2-64E9-4BCB-99CA-42BFB139CD25}.Debug|x64.Build.0 = Debug|Any CPU
		{0C120BA2-64E9-4BCB-99CA-42BFB139CD25}.Debug|x86.ActiveCfg = Debug|Any CPU
		{0C120BA2-64E9-4BCB-99CA-42BFB139CD25}.Debug|x86.Build.0 = Debug|Any CPU
		{0C120BA2-64E9-4BCB-99CA-42BFB139CD25}.Release|Any CPU.ActiveCfg = Release|Any CPU
		{0C120BA2-64E9-4BCB-99CA-42BFB139CD25}.Release|Any CPU.Build.0 = Release|Any CPU
		{0C120BA2-64E9-4BCB-99CA-42BFB139CD25}.Release|ARM64.ActiveCfg = Release|Any CPU
		{0C120BA2-64E9-4BCB-99CA-42BFB139CD25}.Release|ARM64.Build.0 = Release|Any CPU
		{0C120BA2-64E9-4BCB-99CA-42BFB139CD25}.Release|x64.ActiveCfg = Release|Any CPU
		{0C120BA2-64E9-4BCB-99CA-42BFB139CD25}.Release|x64.Build.0 = Release|Any CPU
		{0C120BA2-64E9-4BCB-99CA-42BFB139CD25}.Release|x86.ActiveCfg = Release|Any CPU
		{0C120BA2-64E9-4BCB-99CA-42BFB139CD25}.Release|x86.Build.0 = Release|Any CPU
		{4DB03588-882A-463C-9B8F-B84881BA1415}.Debug|Any CPU.ActiveCfg = Debug|Any CPU
		{4DB03588-882A-463C-9B8F-B84881BA1415}.Debug|Any CPU.Build.0 = Debug|Any CPU
		{4DB03588-882A-463C-9B8F-B84881BA1415}.Debug|ARM64.ActiveCfg = Debug|Any CPU
		{4DB03588-882A-463C-9B8F-B84881BA1415}.Debug|ARM64.Build.0 = Debug|Any CPU
		{4DB03588-882A-463C-9B8F-B84881BA1415}.Debug|x64.ActiveCfg = Debug|Any CPU
		{4DB03588-882A-463C-9B8F-B84881BA1415}.Debug|x64.Build.0 = Debug|Any CPU
		{4DB03588-882A-463C-9B8F-B84881BA1415}.Debug|x86.ActiveCfg = Debug|Any CPU
		{4DB03588-882A-463C-9B8F-B84881BA1415}.Debug|x86.Build.0 = Debug|Any CPU
		{4DB03588-882A-463C-9B8F-B84881BA1415}.Release|Any CPU.ActiveCfg = Release|Any CPU
		{4DB03588-882A-463C-9B8F-B84881BA1415}.Release|Any CPU.Build.0 = Release|Any CPU
		{4DB03588-882A-463C-9B8F-B84881BA1415}.Release|ARM64.ActiveCfg = Release|Any CPU
		{4DB03588-882A-463C-9B8F-B84881BA1415}.Release|ARM64.Build.0 = Release|Any CPU
		{4DB03588-882A-463C-9B8F-B84881BA1415}.Release|x64.ActiveCfg = Release|Any CPU
		{4DB03588-882A-463C-9B8F-B84881BA1415}.Release|x64.Build.0 = Release|Any CPU
		{4DB03588-882A-463C-9B8F-B84881BA1415}.Release|x86.ActiveCfg = Release|Any CPU
		{4DB03588-882A-463C-9B8F-B84881BA1415}.Release|x86.Build.0 = Release|Any CPU
		{74C579F8-AAB4-493A-BA93-638BB613BCA7}.Debug|Any CPU.ActiveCfg = Debug|Any CPU
		{74C579F8-AAB4-493A-BA93-638BB613BCA7}.Debug|Any CPU.Build.0 = Debug|Any CPU
		{74C579F8-AAB4-493A-BA93-638BB613BCA7}.Debug|ARM64.ActiveCfg = Debug|Any CPU
		{74C579F8-AAB4-493A-BA93-638BB613BCA7}.Debug|ARM64.Build.0 = Debug|Any CPU
		{74C579F8-AAB4-493A-BA93-638BB613BCA7}.Debug|x64.ActiveCfg = Debug|Any CPU
		{74C579F8-AAB4-493A-BA93-638BB613BCA7}.Debug|x64.Build.0 = Debug|Any CPU
		{74C579F8-AAB4-493A-BA93-638BB613BCA7}.Debug|x86.ActiveCfg = Debug|Any CPU
		{74C579F8-AAB4-493A-BA93-638BB613BCA7}.Debug|x86.Build.0 = Debug|Any CPU
		{74C579F8-AAB4-493A-BA93-638BB613BCA7}.Release|Any CPU.ActiveCfg = Release|Any CPU
		{74C579F8-AAB4-493A-BA93-638BB613BCA7}.Release|Any CPU.Build.0 = Release|Any CPU
		{74C579F8-AAB4-493A-BA93-638BB613BCA7}.Release|ARM64.ActiveCfg = Release|Any CPU
		{74C579F8-AAB4-493A-BA93-638BB613BCA7}.Release|ARM64.Build.0 = Release|Any CPU
		{74C579F8-AAB4-493A-BA93-638BB613BCA7}.Release|x64.ActiveCfg = Release|Any CPU
		{74C579F8-AAB4-493A-BA93-638BB613BCA7}.Release|x64.Build.0 = Release|Any CPU
		{74C579F8-AAB4-493A-BA93-638BB613BCA7}.Release|x86.ActiveCfg = Release|Any CPU
		{74C579F8-AAB4-493A-BA93-638BB613BCA7}.Release|x86.Build.0 = Release|Any CPU
		{AF788506-D9CE-41EB-8C34-6238AB88DCAC}.Debug|Any CPU.ActiveCfg = Debug|Any CPU
		{AF788506-D9CE-41EB-8C34-6238AB88DCAC}.Debug|Any CPU.Build.0 = Debug|Any CPU
		{AF788506-D9CE-41EB-8C34-6238AB88DCAC}.Debug|ARM64.ActiveCfg = Debug|Any CPU
		{AF788506-D9CE-41EB-8C34-6238AB88DCAC}.Debug|ARM64.Build.0 = Debug|Any CPU
		{AF788506-D9CE-41EB-8C34-6238AB88DCAC}.Debug|x64.ActiveCfg = Debug|Any CPU
		{AF788506-D9CE-41EB-8C34-6238AB88DCAC}.Debug|x64.Build.0 = Debug|Any CPU
		{AF788506-D9CE-41EB-8C34-6238AB88DCAC}.Debug|x86.ActiveCfg = Debug|Any CPU
		{AF788506-D9CE-41EB-8C34-6238AB88DCAC}.Debug|x86.Build.0 = Debug|Any CPU
		{AF788506-D9CE-41EB-8C34-6238AB88DCAC}.Release|Any CPU.ActiveCfg = Release|Any CPU
		{AF788506-D9CE-41EB-8C34-6238AB88DCAC}.Release|Any CPU.Build.0 = Release|Any CPU
		{AF788506-D9CE-41EB-8C34-6238AB88DCAC}.Release|ARM64.ActiveCfg = Release|Any CPU
		{AF788506-D9CE-41EB-8C34-6238AB88DCAC}.Release|ARM64.Build.0 = Release|Any CPU
		{AF788506-D9CE-41EB-8C34-6238AB88DCAC}.Release|x64.ActiveCfg = Release|Any CPU
		{AF788506-D9CE-41EB-8C34-6238AB88DCAC}.Release|x64.Build.0 = Release|Any CPU
		{AF788506-D9CE-41EB-8C34-6238AB88DCAC}.Release|x86.ActiveCfg = Release|Any CPU
		{AF788506-D9CE-41EB-8C34-6238AB88DCAC}.Release|x86.Build.0 = Release|Any CPU
		{E957252F-F69E-41B2-9D95-169E7FD5E9F9}.Debug|Any CPU.ActiveCfg = Debug|Any CPU
		{E957252F-F69E-41B2-9D95-169E7FD5E9F9}.Debug|Any CPU.Build.0 = Debug|Any CPU
		{E957252F-F69E-41B2-9D95-169E7FD5E9F9}.Debug|ARM64.ActiveCfg = Debug|Any CPU
		{E957252F-F69E-41B2-9D95-169E7FD5E9F9}.Debug|ARM64.Build.0 = Debug|Any CPU
		{E957252F-F69E-41B2-9D95-169E7FD5E9F9}.Debug|x64.ActiveCfg = Debug|Any CPU
		{E957252F-F69E-41B2-9D95-169E7FD5E9F9}.Debug|x64.Build.0 = Debug|Any CPU
		{E957252F-F69E-41B2-9D95-169E7FD5E9F9}.Debug|x86.ActiveCfg = Debug|Any CPU
		{E957252F-F69E-41B2-9D95-169E7FD5E9F9}.Debug|x86.Build.0 = Debug|Any CPU
		{E957252F-F69E-41B2-9D95-169E7FD5E9F9}.Release|Any CPU.ActiveCfg = Release|Any CPU
		{E957252F-F69E-41B2-9D95-169E7FD5E9F9}.Release|Any CPU.Build.0 = Release|Any CPU
		{E957252F-F69E-41B2-9D95-169E7FD5E9F9}.Release|ARM64.ActiveCfg = Release|Any CPU
		{E957252F-F69E-41B2-9D95-169E7FD5E9F9}.Release|ARM64.Build.0 = Release|Any CPU
		{E957252F-F69E-41B2-9D95-169E7FD5E9F9}.Release|x64.ActiveCfg = Release|Any CPU
		{E957252F-F69E-41B2-9D95-169E7FD5E9F9}.Release|x64.Build.0 = Release|Any CPU
		{E957252F-F69E-41B2-9D95-169E7FD5E9F9}.Release|x86.ActiveCfg = Release|Any CPU
		{E957252F-F69E-41B2-9D95-169E7FD5E9F9}.Release|x86.Build.0 = Release|Any CPU
		{650720A3-946C-4BA2-8E03-C8F04531C0B9}.Debug|Any CPU.ActiveCfg = Debug|Any CPU
		{650720A3-946C-4BA2-8E03-C8F04531C0B9}.Debug|Any CPU.Build.0 = Debug|Any CPU
		{650720A3-946C-4BA2-8E03-C8F04531C0B9}.Debug|ARM64.ActiveCfg = Debug|Any CPU
		{650720A3-946C-4BA2-8E03-C8F04531C0B9}.Debug|ARM64.Build.0 = Debug|Any CPU
		{650720A3-946C-4BA2-8E03-C8F04531C0B9}.Debug|x64.ActiveCfg = Debug|Any CPU
		{650720A3-946C-4BA2-8E03-C8F04531C0B9}.Debug|x64.Build.0 = Debug|Any CPU
		{650720A3-946C-4BA2-8E03-C8F04531C0B9}.Debug|x86.ActiveCfg = Debug|Any CPU
		{650720A3-946C-4BA2-8E03-C8F04531C0B9}.Debug|x86.Build.0 = Debug|Any CPU
		{650720A3-946C-4BA2-8E03-C8F04531C0B9}.Release|Any CPU.ActiveCfg = Release|Any CPU
		{650720A3-946C-4BA2-8E03-C8F04531C0B9}.Release|Any CPU.Build.0 = Release|Any CPU
		{650720A3-946C-4BA2-8E03-C8F04531C0B9}.Release|ARM64.ActiveCfg = Release|Any CPU
		{650720A3-946C-4BA2-8E03-C8F04531C0B9}.Release|ARM64.Build.0 = Release|Any CPU
		{650720A3-946C-4BA2-8E03-C8F04531C0B9}.Release|x64.ActiveCfg = Release|Any CPU
		{650720A3-946C-4BA2-8E03-C8F04531C0B9}.Release|x64.Build.0 = Release|Any CPU
		{650720A3-946C-4BA2-8E03-C8F04531C0B9}.Release|x86.ActiveCfg = Release|Any CPU
		{650720A3-946C-4BA2-8E03-C8F04531C0B9}.Release|x86.Build.0 = Release|Any CPU
		{3F94CA03-48D5-46CF-BECB-ABA818BB572F}.Debug|Any CPU.ActiveCfg = Debug|Any CPU
		{3F94CA03-48D5-46CF-BECB-ABA818BB572F}.Debug|Any CPU.Build.0 = Debug|Any CPU
		{3F94CA03-48D5-46CF-BECB-ABA818BB572F}.Debug|ARM64.ActiveCfg = Debug|Any CPU
		{3F94CA03-48D5-46CF-BECB-ABA818BB572F}.Debug|ARM64.Build.0 = Debug|Any CPU
		{3F94CA03-48D5-46CF-BECB-ABA818BB572F}.Debug|x64.ActiveCfg = Debug|Any CPU
		{3F94CA03-48D5-46CF-BECB-ABA818BB572F}.Debug|x64.Build.0 = Debug|Any CPU
		{3F94CA03-48D5-46CF-BECB-ABA818BB572F}.Debug|x86.ActiveCfg = Debug|Any CPU
		{3F94CA03-48D5-46CF-BECB-ABA818BB572F}.Debug|x86.Build.0 = Debug|Any CPU
		{3F94CA03-48D5-46CF-BECB-ABA818BB572F}.Release|Any CPU.ActiveCfg = Release|Any CPU
		{3F94CA03-48D5-46CF-BECB-ABA818BB572F}.Release|Any CPU.Build.0 = Release|Any CPU
		{3F94CA03-48D5-46CF-BECB-ABA818BB572F}.Release|ARM64.ActiveCfg = Release|Any CPU
		{3F94CA03-48D5-46CF-BECB-ABA818BB572F}.Release|ARM64.Build.0 = Release|Any CPU
		{3F94CA03-48D5-46CF-BECB-ABA818BB572F}.Release|x64.ActiveCfg = Release|Any CPU
		{3F94CA03-48D5-46CF-BECB-ABA818BB572F}.Release|x64.Build.0 = Release|Any CPU
		{3F94CA03-48D5-46CF-BECB-ABA818BB572F}.Release|x86.ActiveCfg = Release|Any CPU
		{3F94CA03-48D5-46CF-BECB-ABA818BB572F}.Release|x86.Build.0 = Release|Any CPU
		{50DEFC0C-22FD-4AD6-ACE8-7E30FD2BCB1F}.Debug|Any CPU.ActiveCfg = Debug|Any CPU
		{50DEFC0C-22FD-4AD6-ACE8-7E30FD2BCB1F}.Debug|Any CPU.Build.0 = Debug|Any CPU
		{50DEFC0C-22FD-4AD6-ACE8-7E30FD2BCB1F}.Debug|ARM64.ActiveCfg = Debug|Any CPU
		{50DEFC0C-22FD-4AD6-ACE8-7E30FD2BCB1F}.Debug|ARM64.Build.0 = Debug|Any CPU
		{50DEFC0C-22FD-4AD6-ACE8-7E30FD2BCB1F}.Debug|x64.ActiveCfg = Debug|Any CPU
		{50DEFC0C-22FD-4AD6-ACE8-7E30FD2BCB1F}.Debug|x64.Build.0 = Debug|Any CPU
		{50DEFC0C-22FD-4AD6-ACE8-7E30FD2BCB1F}.Debug|x86.ActiveCfg = Debug|Any CPU
		{50DEFC0C-22FD-4AD6-ACE8-7E30FD2BCB1F}.Debug|x86.Build.0 = Debug|Any CPU
		{50DEFC0C-22FD-4AD6-ACE8-7E30FD2BCB1F}.Release|Any CPU.ActiveCfg = Release|Any CPU
		{50DEFC0C-22FD-4AD6-ACE8-7E30FD2BCB1F}.Release|Any CPU.Build.0 = Release|Any CPU
		{50DEFC0C-22FD-4AD6-ACE8-7E30FD2BCB1F}.Release|ARM64.ActiveCfg = Release|Any CPU
		{50DEFC0C-22FD-4AD6-ACE8-7E30FD2BCB1F}.Release|ARM64.Build.0 = Release|Any CPU
		{50DEFC0C-22FD-4AD6-ACE8-7E30FD2BCB1F}.Release|x64.ActiveCfg = Release|Any CPU
		{50DEFC0C-22FD-4AD6-ACE8-7E30FD2BCB1F}.Release|x64.Build.0 = Release|Any CPU
		{50DEFC0C-22FD-4AD6-ACE8-7E30FD2BCB1F}.Release|x86.ActiveCfg = Release|Any CPU
		{50DEFC0C-22FD-4AD6-ACE8-7E30FD2BCB1F}.Release|x86.Build.0 = Release|Any CPU
		{8F7FF2A9-A5A1-43B3-A8ED-D83F2C88CB1E}.Debug|Any CPU.ActiveCfg = Debug|Any CPU
		{8F7FF2A9-A5A1-43B3-A8ED-D83F2C88CB1E}.Debug|Any CPU.Build.0 = Debug|Any CPU
		{8F7FF2A9-A5A1-43B3-A8ED-D83F2C88CB1E}.Debug|ARM64.ActiveCfg = Debug|Any CPU
		{8F7FF2A9-A5A1-43B3-A8ED-D83F2C88CB1E}.Debug|ARM64.Build.0 = Debug|Any CPU
		{8F7FF2A9-A5A1-43B3-A8ED-D83F2C88CB1E}.Debug|x64.ActiveCfg = Debug|Any CPU
		{8F7FF2A9-A5A1-43B3-A8ED-D83F2C88CB1E}.Debug|x64.Build.0 = Debug|Any CPU
		{8F7FF2A9-A5A1-43B3-A8ED-D83F2C88CB1E}.Debug|x86.ActiveCfg = Debug|Any CPU
		{8F7FF2A9-A5A1-43B3-A8ED-D83F2C88CB1E}.Debug|x86.Build.0 = Debug|Any CPU
		{8F7FF2A9-A5A1-43B3-A8ED-D83F2C88CB1E}.Release|Any CPU.ActiveCfg = Release|Any CPU
		{8F7FF2A9-A5A1-43B3-A8ED-D83F2C88CB1E}.Release|Any CPU.Build.0 = Release|Any CPU
		{8F7FF2A9-A5A1-43B3-A8ED-D83F2C88CB1E}.Release|ARM64.ActiveCfg = Release|Any CPU
		{8F7FF2A9-A5A1-43B3-A8ED-D83F2C88CB1E}.Release|ARM64.Build.0 = Release|Any CPU
		{8F7FF2A9-A5A1-43B3-A8ED-D83F2C88CB1E}.Release|x64.ActiveCfg = Release|Any CPU
		{8F7FF2A9-A5A1-43B3-A8ED-D83F2C88CB1E}.Release|x64.Build.0 = Release|Any CPU
		{8F7FF2A9-A5A1-43B3-A8ED-D83F2C88CB1E}.Release|x86.ActiveCfg = Release|Any CPU
		{8F7FF2A9-A5A1-43B3-A8ED-D83F2C88CB1E}.Release|x86.Build.0 = Release|Any CPU
		{C46A3466-8352-493B-8F3C-DADF6F64111D}.Debug|Any CPU.ActiveCfg = Debug|Any CPU
		{C46A3466-8352-493B-8F3C-DADF6F64111D}.Debug|Any CPU.Build.0 = Debug|Any CPU
		{C46A3466-8352-493B-8F3C-DADF6F64111D}.Debug|ARM64.ActiveCfg = Debug|Any CPU
		{C46A3466-8352-493B-8F3C-DADF6F64111D}.Debug|ARM64.Build.0 = Debug|Any CPU
		{C46A3466-8352-493B-8F3C-DADF6F64111D}.Debug|x64.ActiveCfg = Debug|Any CPU
		{C46A3466-8352-493B-8F3C-DADF6F64111D}.Debug|x64.Build.0 = Debug|Any CPU
		{C46A3466-8352-493B-8F3C-DADF6F64111D}.Debug|x86.ActiveCfg = Debug|Any CPU
		{C46A3466-8352-493B-8F3C-DADF6F64111D}.Debug|x86.Build.0 = Debug|Any CPU
		{C46A3466-8352-493B-8F3C-DADF6F64111D}.Release|Any CPU.ActiveCfg = Release|Any CPU
		{C46A3466-8352-493B-8F3C-DADF6F64111D}.Release|Any CPU.Build.0 = Release|Any CPU
		{C46A3466-8352-493B-8F3C-DADF6F64111D}.Release|ARM64.ActiveCfg = Release|Any CPU
		{C46A3466-8352-493B-8F3C-DADF6F64111D}.Release|ARM64.Build.0 = Release|Any CPU
		{C46A3466-8352-493B-8F3C-DADF6F64111D}.Release|x64.ActiveCfg = Release|Any CPU
		{C46A3466-8352-493B-8F3C-DADF6F64111D}.Release|x64.Build.0 = Release|Any CPU
		{C46A3466-8352-493B-8F3C-DADF6F64111D}.Release|x86.ActiveCfg = Release|Any CPU
		{C46A3466-8352-493B-8F3C-DADF6F64111D}.Release|x86.Build.0 = Release|Any CPU
		{E02DD4B8-96B1-4067-9A1B-67B12D89EA55}.Debug|Any CPU.ActiveCfg = Debug|Any CPU
		{E02DD4B8-96B1-4067-9A1B-67B12D89EA55}.Debug|Any CPU.Build.0 = Debug|Any CPU
		{E02DD4B8-96B1-4067-9A1B-67B12D89EA55}.Debug|ARM64.ActiveCfg = Debug|Any CPU
		{E02DD4B8-96B1-4067-9A1B-67B12D89EA55}.Debug|ARM64.Build.0 = Debug|Any CPU
		{E02DD4B8-96B1-4067-9A1B-67B12D89EA55}.Debug|x64.ActiveCfg = Debug|Any CPU
		{E02DD4B8-96B1-4067-9A1B-67B12D89EA55}.Debug|x64.Build.0 = Debug|Any CPU
		{E02DD4B8-96B1-4067-9A1B-67B12D89EA55}.Debug|x86.ActiveCfg = Debug|Any CPU
		{E02DD4B8-96B1-4067-9A1B-67B12D89EA55}.Debug|x86.Build.0 = Debug|Any CPU
		{E02DD4B8-96B1-4067-9A1B-67B12D89EA55}.Release|Any CPU.ActiveCfg = Release|Any CPU
		{E02DD4B8-96B1-4067-9A1B-67B12D89EA55}.Release|Any CPU.Build.0 = Release|Any CPU
		{E02DD4B8-96B1-4067-9A1B-67B12D89EA55}.Release|ARM64.ActiveCfg = Release|Any CPU
		{E02DD4B8-96B1-4067-9A1B-67B12D89EA55}.Release|ARM64.Build.0 = Release|Any CPU
		{E02DD4B8-96B1-4067-9A1B-67B12D89EA55}.Release|x64.ActiveCfg = Release|Any CPU
		{E02DD4B8-96B1-4067-9A1B-67B12D89EA55}.Release|x64.Build.0 = Release|Any CPU
		{E02DD4B8-96B1-4067-9A1B-67B12D89EA55}.Release|x86.ActiveCfg = Release|Any CPU
		{E02DD4B8-96B1-4067-9A1B-67B12D89EA55}.Release|x86.Build.0 = Release|Any CPU
		{CCE54567-73A7-46DB-829B-0E1698B423D5}.Debug|Any CPU.ActiveCfg = Debug|Any CPU
		{CCE54567-73A7-46DB-829B-0E1698B423D5}.Debug|Any CPU.Build.0 = Debug|Any CPU
		{CCE54567-73A7-46DB-829B-0E1698B423D5}.Debug|ARM64.ActiveCfg = Debug|Any CPU
		{CCE54567-73A7-46DB-829B-0E1698B423D5}.Debug|ARM64.Build.0 = Debug|Any CPU
		{CCE54567-73A7-46DB-829B-0E1698B423D5}.Debug|x64.ActiveCfg = Debug|Any CPU
		{CCE54567-73A7-46DB-829B-0E1698B423D5}.Debug|x64.Build.0 = Debug|Any CPU
		{CCE54567-73A7-46DB-829B-0E1698B423D5}.Debug|x86.ActiveCfg = Debug|Any CPU
		{CCE54567-73A7-46DB-829B-0E1698B423D5}.Debug|x86.Build.0 = Debug|Any CPU
		{CCE54567-73A7-46DB-829B-0E1698B423D5}.Release|Any CPU.ActiveCfg = Release|Any CPU
		{CCE54567-73A7-46DB-829B-0E1698B423D5}.Release|Any CPU.Build.0 = Release|Any CPU
		{CCE54567-73A7-46DB-829B-0E1698B423D5}.Release|ARM64.ActiveCfg = Release|Any CPU
		{CCE54567-73A7-46DB-829B-0E1698B423D5}.Release|ARM64.Build.0 = Release|Any CPU
		{CCE54567-73A7-46DB-829B-0E1698B423D5}.Release|x64.ActiveCfg = Release|Any CPU
		{CCE54567-73A7-46DB-829B-0E1698B423D5}.Release|x64.Build.0 = Release|Any CPU
		{CCE54567-73A7-46DB-829B-0E1698B423D5}.Release|x86.ActiveCfg = Release|Any CPU
		{CCE54567-73A7-46DB-829B-0E1698B423D5}.Release|x86.Build.0 = Release|Any CPU
		{5F490FB5-8793-452E-A985-8FBA12242807}.Debug|Any CPU.ActiveCfg = Debug|Any CPU
		{5F490FB5-8793-452E-A985-8FBA12242807}.Debug|Any CPU.Build.0 = Debug|Any CPU
		{5F490FB5-8793-452E-A985-8FBA12242807}.Debug|ARM64.ActiveCfg = Debug|Any CPU
		{5F490FB5-8793-452E-A985-8FBA12242807}.Debug|ARM64.Build.0 = Debug|Any CPU
		{5F490FB5-8793-452E-A985-8FBA12242807}.Debug|x64.ActiveCfg = Debug|Any CPU
		{5F490FB5-8793-452E-A985-8FBA12242807}.Debug|x64.Build.0 = Debug|Any CPU
		{5F490FB5-8793-452E-A985-8FBA12242807}.Debug|x86.ActiveCfg = Debug|Any CPU
		{5F490FB5-8793-452E-A985-8FBA12242807}.Debug|x86.Build.0 = Debug|Any CPU
		{5F490FB5-8793-452E-A985-8FBA12242807}.Release|Any CPU.ActiveCfg = Release|Any CPU
		{5F490FB5-8793-452E-A985-8FBA12242807}.Release|Any CPU.Build.0 = Release|Any CPU
		{5F490FB5-8793-452E-A985-8FBA12242807}.Release|ARM64.ActiveCfg = Release|Any CPU
		{5F490FB5-8793-452E-A985-8FBA12242807}.Release|ARM64.Build.0 = Release|Any CPU
		{5F490FB5-8793-452E-A985-8FBA12242807}.Release|x64.ActiveCfg = Release|Any CPU
		{5F490FB5-8793-452E-A985-8FBA12242807}.Release|x64.Build.0 = Release|Any CPU
		{5F490FB5-8793-452E-A985-8FBA12242807}.Release|x86.ActiveCfg = Release|Any CPU
		{5F490FB5-8793-452E-A985-8FBA12242807}.Release|x86.Build.0 = Release|Any CPU
		{F2CA2AA2-D095-4935-AE22-34CBFD957F1C}.Debug|Any CPU.ActiveCfg = Debug|Any CPU
		{F2CA2AA2-D095-4935-AE22-34CBFD957F1C}.Debug|Any CPU.Build.0 = Debug|Any CPU
		{F2CA2AA2-D095-4935-AE22-34CBFD957F1C}.Debug|ARM64.ActiveCfg = Debug|Any CPU
		{F2CA2AA2-D095-4935-AE22-34CBFD957F1C}.Debug|ARM64.Build.0 = Debug|Any CPU
		{F2CA2AA2-D095-4935-AE22-34CBFD957F1C}.Debug|x64.ActiveCfg = Debug|Any CPU
		{F2CA2AA2-D095-4935-AE22-34CBFD957F1C}.Debug|x64.Build.0 = Debug|Any CPU
		{F2CA2AA2-D095-4935-AE22-34CBFD957F1C}.Debug|x86.ActiveCfg = Debug|Any CPU
		{F2CA2AA2-D095-4935-AE22-34CBFD957F1C}.Debug|x86.Build.0 = Debug|Any CPU
		{F2CA2AA2-D095-4935-AE22-34CBFD957F1C}.Release|Any CPU.ActiveCfg = Release|Any CPU
		{F2CA2AA2-D095-4935-AE22-34CBFD957F1C}.Release|Any CPU.Build.0 = Release|Any CPU
		{F2CA2AA2-D095-4935-AE22-34CBFD957F1C}.Release|ARM64.ActiveCfg = Release|Any CPU
		{F2CA2AA2-D095-4935-AE22-34CBFD957F1C}.Release|ARM64.Build.0 = Release|Any CPU
		{F2CA2AA2-D095-4935-AE22-34CBFD957F1C}.Release|x64.ActiveCfg = Release|Any CPU
		{F2CA2AA2-D095-4935-AE22-34CBFD957F1C}.Release|x64.Build.0 = Release|Any CPU
		{F2CA2AA2-D095-4935-AE22-34CBFD957F1C}.Release|x86.ActiveCfg = Release|Any CPU
		{F2CA2AA2-D095-4935-AE22-34CBFD957F1C}.Release|x86.Build.0 = Release|Any CPU
		{8F36A189-49EF-4FF6-8D6B-ED26DC594F27}.Debug|Any CPU.ActiveCfg = Debug|Any CPU
		{8F36A189-49EF-4FF6-8D6B-ED26DC594F27}.Debug|Any CPU.Build.0 = Debug|Any CPU
		{8F36A189-49EF-4FF6-8D6B-ED26DC594F27}.Debug|ARM64.ActiveCfg = Debug|Any CPU
		{8F36A189-49EF-4FF6-8D6B-ED26DC594F27}.Debug|ARM64.Build.0 = Debug|Any CPU
		{8F36A189-49EF-4FF6-8D6B-ED26DC594F27}.Debug|x64.ActiveCfg = Debug|Any CPU
		{8F36A189-49EF-4FF6-8D6B-ED26DC594F27}.Debug|x64.Build.0 = Debug|Any CPU
		{8F36A189-49EF-4FF6-8D6B-ED26DC594F27}.Debug|x86.ActiveCfg = Debug|Any CPU
		{8F36A189-49EF-4FF6-8D6B-ED26DC594F27}.Debug|x86.Build.0 = Debug|Any CPU
		{8F36A189-49EF-4FF6-8D6B-ED26DC594F27}.Release|Any CPU.ActiveCfg = Release|Any CPU
		{8F36A189-49EF-4FF6-8D6B-ED26DC594F27}.Release|Any CPU.Build.0 = Release|Any CPU
		{8F36A189-49EF-4FF6-8D6B-ED26DC594F27}.Release|ARM64.ActiveCfg = Release|Any CPU
		{8F36A189-49EF-4FF6-8D6B-ED26DC594F27}.Release|ARM64.Build.0 = Release|Any CPU
		{8F36A189-49EF-4FF6-8D6B-ED26DC594F27}.Release|x64.ActiveCfg = Release|Any CPU
		{8F36A189-49EF-4FF6-8D6B-ED26DC594F27}.Release|x64.Build.0 = Release|Any CPU
		{8F36A189-49EF-4FF6-8D6B-ED26DC594F27}.Release|x86.ActiveCfg = Release|Any CPU
		{8F36A189-49EF-4FF6-8D6B-ED26DC594F27}.Release|x86.Build.0 = Release|Any CPU
		{500CDFE2-915C-490C-A2EE-24E543DE2795}.Debug|Any CPU.ActiveCfg = Debug|Any CPU
		{500CDFE2-915C-490C-A2EE-24E543DE2795}.Debug|Any CPU.Build.0 = Debug|Any CPU
		{500CDFE2-915C-490C-A2EE-24E543DE2795}.Debug|ARM64.ActiveCfg = Debug|Any CPU
		{500CDFE2-915C-490C-A2EE-24E543DE2795}.Debug|ARM64.Build.0 = Debug|Any CPU
		{500CDFE2-915C-490C-A2EE-24E543DE2795}.Debug|x64.ActiveCfg = Debug|Any CPU
		{500CDFE2-915C-490C-A2EE-24E543DE2795}.Debug|x64.Build.0 = Debug|Any CPU
		{500CDFE2-915C-490C-A2EE-24E543DE2795}.Debug|x86.ActiveCfg = Debug|Any CPU
		{500CDFE2-915C-490C-A2EE-24E543DE2795}.Debug|x86.Build.0 = Debug|Any CPU
		{500CDFE2-915C-490C-A2EE-24E543DE2795}.Release|Any CPU.ActiveCfg = Release|Any CPU
		{500CDFE2-915C-490C-A2EE-24E543DE2795}.Release|Any CPU.Build.0 = Release|Any CPU
		{500CDFE2-915C-490C-A2EE-24E543DE2795}.Release|ARM64.ActiveCfg = Release|Any CPU
		{500CDFE2-915C-490C-A2EE-24E543DE2795}.Release|ARM64.Build.0 = Release|Any CPU
		{500CDFE2-915C-490C-A2EE-24E543DE2795}.Release|x64.ActiveCfg = Release|Any CPU
		{500CDFE2-915C-490C-A2EE-24E543DE2795}.Release|x64.Build.0 = Release|Any CPU
		{500CDFE2-915C-490C-A2EE-24E543DE2795}.Release|x86.ActiveCfg = Release|Any CPU
		{500CDFE2-915C-490C-A2EE-24E543DE2795}.Release|x86.Build.0 = Release|Any CPU
		{B4C106C8-707C-4578-BDD2-17BD034D3030}.Debug|Any CPU.ActiveCfg = Debug|Any CPU
		{B4C106C8-707C-4578-BDD2-17BD034D3030}.Debug|Any CPU.Build.0 = Debug|Any CPU
		{B4C106C8-707C-4578-BDD2-17BD034D3030}.Debug|ARM64.ActiveCfg = Debug|Any CPU
		{B4C106C8-707C-4578-BDD2-17BD034D3030}.Debug|ARM64.Build.0 = Debug|Any CPU
		{B4C106C8-707C-4578-BDD2-17BD034D3030}.Debug|x64.ActiveCfg = Debug|Any CPU
		{B4C106C8-707C-4578-BDD2-17BD034D3030}.Debug|x64.Build.0 = Debug|Any CPU
		{B4C106C8-707C-4578-BDD2-17BD034D3030}.Debug|x86.ActiveCfg = Debug|Any CPU
		{B4C106C8-707C-4578-BDD2-17BD034D3030}.Debug|x86.Build.0 = Debug|Any CPU
		{B4C106C8-707C-4578-BDD2-17BD034D3030}.Release|Any CPU.ActiveCfg = Release|Any CPU
		{B4C106C8-707C-4578-BDD2-17BD034D3030}.Release|Any CPU.Build.0 = Release|Any CPU
		{B4C106C8-707C-4578-BDD2-17BD034D3030}.Release|ARM64.ActiveCfg = Release|Any CPU
		{B4C106C8-707C-4578-BDD2-17BD034D3030}.Release|ARM64.Build.0 = Release|Any CPU
		{B4C106C8-707C-4578-BDD2-17BD034D3030}.Release|x64.ActiveCfg = Release|Any CPU
		{B4C106C8-707C-4578-BDD2-17BD034D3030}.Release|x64.Build.0 = Release|Any CPU
		{B4C106C8-707C-4578-BDD2-17BD034D3030}.Release|x86.ActiveCfg = Release|Any CPU
		{B4C106C8-707C-4578-BDD2-17BD034D3030}.Release|x86.Build.0 = Release|Any CPU
		{B71569C3-ACAD-4A1E-9FF3-29C536937B29}.Debug|Any CPU.ActiveCfg = Debug|Any CPU
		{B71569C3-ACAD-4A1E-9FF3-29C536937B29}.Debug|Any CPU.Build.0 = Debug|Any CPU
		{B71569C3-ACAD-4A1E-9FF3-29C536937B29}.Debug|ARM64.ActiveCfg = Debug|Any CPU
		{B71569C3-ACAD-4A1E-9FF3-29C536937B29}.Debug|ARM64.Build.0 = Debug|Any CPU
		{B71569C3-ACAD-4A1E-9FF3-29C536937B29}.Debug|x64.ActiveCfg = Debug|Any CPU
		{B71569C3-ACAD-4A1E-9FF3-29C536937B29}.Debug|x64.Build.0 = Debug|Any CPU
		{B71569C3-ACAD-4A1E-9FF3-29C536937B29}.Debug|x86.ActiveCfg = Debug|Any CPU
		{B71569C3-ACAD-4A1E-9FF3-29C536937B29}.Debug|x86.Build.0 = Debug|Any CPU
		{B71569C3-ACAD-4A1E-9FF3-29C536937B29}.Release|Any CPU.ActiveCfg = Release|Any CPU
		{B71569C3-ACAD-4A1E-9FF3-29C536937B29}.Release|Any CPU.Build.0 = Release|Any CPU
		{B71569C3-ACAD-4A1E-9FF3-29C536937B29}.Release|ARM64.ActiveCfg = Release|Any CPU
		{B71569C3-ACAD-4A1E-9FF3-29C536937B29}.Release|ARM64.Build.0 = Release|Any CPU
		{B71569C3-ACAD-4A1E-9FF3-29C536937B29}.Release|x64.ActiveCfg = Release|Any CPU
		{B71569C3-ACAD-4A1E-9FF3-29C536937B29}.Release|x64.Build.0 = Release|Any CPU
		{B71569C3-ACAD-4A1E-9FF3-29C536937B29}.Release|x86.ActiveCfg = Release|Any CPU
		{B71569C3-ACAD-4A1E-9FF3-29C536937B29}.Release|x86.Build.0 = Release|Any CPU
		{9FAD3ECD-BE8F-4B48-9DA2-115F4D70833A}.Debug|Any CPU.ActiveCfg = Debug|Any CPU
		{9FAD3ECD-BE8F-4B48-9DA2-115F4D70833A}.Debug|Any CPU.Build.0 = Debug|Any CPU
		{9FAD3ECD-BE8F-4B48-9DA2-115F4D70833A}.Debug|ARM64.ActiveCfg = Debug|Any CPU
		{9FAD3ECD-BE8F-4B48-9DA2-115F4D70833A}.Debug|ARM64.Build.0 = Debug|Any CPU
		{9FAD3ECD-BE8F-4B48-9DA2-115F4D70833A}.Debug|x64.ActiveCfg = Debug|Any CPU
		{9FAD3ECD-BE8F-4B48-9DA2-115F4D70833A}.Debug|x64.Build.0 = Debug|Any CPU
		{9FAD3ECD-BE8F-4B48-9DA2-115F4D70833A}.Debug|x86.ActiveCfg = Debug|Any CPU
		{9FAD3ECD-BE8F-4B48-9DA2-115F4D70833A}.Debug|x86.Build.0 = Debug|Any CPU
		{9FAD3ECD-BE8F-4B48-9DA2-115F4D70833A}.Release|Any CPU.ActiveCfg = Release|Any CPU
		{9FAD3ECD-BE8F-4B48-9DA2-115F4D70833A}.Release|Any CPU.Build.0 = Release|Any CPU
		{9FAD3ECD-BE8F-4B48-9DA2-115F4D70833A}.Release|ARM64.ActiveCfg = Release|Any CPU
		{9FAD3ECD-BE8F-4B48-9DA2-115F4D70833A}.Release|ARM64.Build.0 = Release|Any CPU
		{9FAD3ECD-BE8F-4B48-9DA2-115F4D70833A}.Release|x64.ActiveCfg = Release|Any CPU
		{9FAD3ECD-BE8F-4B48-9DA2-115F4D70833A}.Release|x64.Build.0 = Release|Any CPU
		{9FAD3ECD-BE8F-4B48-9DA2-115F4D70833A}.Release|x86.ActiveCfg = Release|Any CPU
		{9FAD3ECD-BE8F-4B48-9DA2-115F4D70833A}.Release|x86.Build.0 = Release|Any CPU
		{576A08A7-3C55-48A4-8466-98369F89BC34}.Debug|Any CPU.ActiveCfg = Debug|Any CPU
		{576A08A7-3C55-48A4-8466-98369F89BC34}.Debug|Any CPU.Build.0 = Debug|Any CPU
		{576A08A7-3C55-48A4-8466-98369F89BC34}.Debug|ARM64.ActiveCfg = Debug|Any CPU
		{576A08A7-3C55-48A4-8466-98369F89BC34}.Debug|ARM64.Build.0 = Debug|Any CPU
		{576A08A7-3C55-48A4-8466-98369F89BC34}.Debug|x64.ActiveCfg = Debug|Any CPU
		{576A08A7-3C55-48A4-8466-98369F89BC34}.Debug|x64.Build.0 = Debug|Any CPU
		{576A08A7-3C55-48A4-8466-98369F89BC34}.Debug|x86.ActiveCfg = Debug|Any CPU
		{576A08A7-3C55-48A4-8466-98369F89BC34}.Debug|x86.Build.0 = Debug|Any CPU
		{576A08A7-3C55-48A4-8466-98369F89BC34}.Release|Any CPU.ActiveCfg = Release|Any CPU
		{576A08A7-3C55-48A4-8466-98369F89BC34}.Release|Any CPU.Build.0 = Release|Any CPU
		{576A08A7-3C55-48A4-8466-98369F89BC34}.Release|ARM64.ActiveCfg = Release|Any CPU
		{576A08A7-3C55-48A4-8466-98369F89BC34}.Release|ARM64.Build.0 = Release|Any CPU
		{576A08A7-3C55-48A4-8466-98369F89BC34}.Release|x64.ActiveCfg = Release|Any CPU
		{576A08A7-3C55-48A4-8466-98369F89BC34}.Release|x64.Build.0 = Release|Any CPU
		{576A08A7-3C55-48A4-8466-98369F89BC34}.Release|x86.ActiveCfg = Release|Any CPU
		{576A08A7-3C55-48A4-8466-98369F89BC34}.Release|x86.Build.0 = Release|Any CPU
		{B91C7555-CE79-46B0-A208-6A0557EC8809}.Debug|Any CPU.ActiveCfg = Debug|Any CPU
		{B91C7555-CE79-46B0-A208-6A0557EC8809}.Debug|Any CPU.Build.0 = Debug|Any CPU
		{B91C7555-CE79-46B0-A208-6A0557EC8809}.Debug|ARM64.ActiveCfg = Debug|Any CPU
		{B91C7555-CE79-46B0-A208-6A0557EC8809}.Debug|ARM64.Build.0 = Debug|Any CPU
		{B91C7555-CE79-46B0-A208-6A0557EC8809}.Debug|x64.ActiveCfg = Debug|Any CPU
		{B91C7555-CE79-46B0-A208-6A0557EC8809}.Debug|x64.Build.0 = Debug|Any CPU
		{B91C7555-CE79-46B0-A208-6A0557EC8809}.Debug|x86.ActiveCfg = Debug|Any CPU
		{B91C7555-CE79-46B0-A208-6A0557EC8809}.Debug|x86.Build.0 = Debug|Any CPU
		{B91C7555-CE79-46B0-A208-6A0557EC8809}.Release|Any CPU.ActiveCfg = Release|Any CPU
		{B91C7555-CE79-46B0-A208-6A0557EC8809}.Release|Any CPU.Build.0 = Release|Any CPU
		{B91C7555-CE79-46B0-A208-6A0557EC8809}.Release|ARM64.ActiveCfg = Release|Any CPU
		{B91C7555-CE79-46B0-A208-6A0557EC8809}.Release|ARM64.Build.0 = Release|Any CPU
		{B91C7555-CE79-46B0-A208-6A0557EC8809}.Release|x64.ActiveCfg = Release|Any CPU
		{B91C7555-CE79-46B0-A208-6A0557EC8809}.Release|x64.Build.0 = Release|Any CPU
		{B91C7555-CE79-46B0-A208-6A0557EC8809}.Release|x86.ActiveCfg = Release|Any CPU
		{B91C7555-CE79-46B0-A208-6A0557EC8809}.Release|x86.Build.0 = Release|Any CPU
		{5DE92AB9-773B-4AED-83DB-0703B387385F}.Debug|Any CPU.ActiveCfg = Debug|Any CPU
		{5DE92AB9-773B-4AED-83DB-0703B387385F}.Debug|Any CPU.Build.0 = Debug|Any CPU
		{5DE92AB9-773B-4AED-83DB-0703B387385F}.Debug|ARM64.ActiveCfg = Debug|Any CPU
		{5DE92AB9-773B-4AED-83DB-0703B387385F}.Debug|ARM64.Build.0 = Debug|Any CPU
		{5DE92AB9-773B-4AED-83DB-0703B387385F}.Debug|x64.ActiveCfg = Debug|Any CPU
		{5DE92AB9-773B-4AED-83DB-0703B387385F}.Debug|x64.Build.0 = Debug|Any CPU
		{5DE92AB9-773B-4AED-83DB-0703B387385F}.Debug|x86.ActiveCfg = Debug|Any CPU
		{5DE92AB9-773B-4AED-83DB-0703B387385F}.Debug|x86.Build.0 = Debug|Any CPU
		{5DE92AB9-773B-4AED-83DB-0703B387385F}.Release|Any CPU.ActiveCfg = Release|Any CPU
		{5DE92AB9-773B-4AED-83DB-0703B387385F}.Release|Any CPU.Build.0 = Release|Any CPU
		{5DE92AB9-773B-4AED-83DB-0703B387385F}.Release|ARM64.ActiveCfg = Release|Any CPU
		{5DE92AB9-773B-4AED-83DB-0703B387385F}.Release|ARM64.Build.0 = Release|Any CPU
		{5DE92AB9-773B-4AED-83DB-0703B387385F}.Release|x64.ActiveCfg = Release|Any CPU
		{5DE92AB9-773B-4AED-83DB-0703B387385F}.Release|x64.Build.0 = Release|Any CPU
		{5DE92AB9-773B-4AED-83DB-0703B387385F}.Release|x86.ActiveCfg = Release|Any CPU
		{5DE92AB9-773B-4AED-83DB-0703B387385F}.Release|x86.Build.0 = Release|Any CPU
		{4D6D7EA8-D0A2-4C05-A4E0-8EE5B06BC892}.Debug|Any CPU.ActiveCfg = Debug|Any CPU
		{4D6D7EA8-D0A2-4C05-A4E0-8EE5B06BC892}.Debug|Any CPU.Build.0 = Debug|Any CPU
		{4D6D7EA8-D0A2-4C05-A4E0-8EE5B06BC892}.Debug|ARM64.ActiveCfg = Debug|Any CPU
		{4D6D7EA8-D0A2-4C05-A4E0-8EE5B06BC892}.Debug|ARM64.Build.0 = Debug|Any CPU
		{4D6D7EA8-D0A2-4C05-A4E0-8EE5B06BC892}.Debug|x64.ActiveCfg = Debug|Any CPU
		{4D6D7EA8-D0A2-4C05-A4E0-8EE5B06BC892}.Debug|x64.Build.0 = Debug|Any CPU
		{4D6D7EA8-D0A2-4C05-A4E0-8EE5B06BC892}.Debug|x86.ActiveCfg = Debug|Any CPU
		{4D6D7EA8-D0A2-4C05-A4E0-8EE5B06BC892}.Debug|x86.Build.0 = Debug|Any CPU
		{4D6D7EA8-D0A2-4C05-A4E0-8EE5B06BC892}.Release|Any CPU.ActiveCfg = Release|Any CPU
		{4D6D7EA8-D0A2-4C05-A4E0-8EE5B06BC892}.Release|Any CPU.Build.0 = Release|Any CPU
		{4D6D7EA8-D0A2-4C05-A4E0-8EE5B06BC892}.Release|ARM64.ActiveCfg = Release|Any CPU
		{4D6D7EA8-D0A2-4C05-A4E0-8EE5B06BC892}.Release|ARM64.Build.0 = Release|Any CPU
		{4D6D7EA8-D0A2-4C05-A4E0-8EE5B06BC892}.Release|x64.ActiveCfg = Release|Any CPU
		{4D6D7EA8-D0A2-4C05-A4E0-8EE5B06BC892}.Release|x64.Build.0 = Release|Any CPU
		{4D6D7EA8-D0A2-4C05-A4E0-8EE5B06BC892}.Release|x86.ActiveCfg = Release|Any CPU
		{4D6D7EA8-D0A2-4C05-A4E0-8EE5B06BC892}.Release|x86.Build.0 = Release|Any CPU
		{A0D3C830-40AD-40E9-8ADE-1C1369AD3F3D}.Debug|Any CPU.ActiveCfg = Debug|Any CPU
		{A0D3C830-40AD-40E9-8ADE-1C1369AD3F3D}.Debug|Any CPU.Build.0 = Debug|Any CPU
		{A0D3C830-40AD-40E9-8ADE-1C1369AD3F3D}.Debug|ARM64.ActiveCfg = Debug|Any CPU
		{A0D3C830-40AD-40E9-8ADE-1C1369AD3F3D}.Debug|ARM64.Build.0 = Debug|Any CPU
		{A0D3C830-40AD-40E9-8ADE-1C1369AD3F3D}.Debug|x64.ActiveCfg = Debug|Any CPU
		{A0D3C830-40AD-40E9-8ADE-1C1369AD3F3D}.Debug|x64.Build.0 = Debug|Any CPU
		{A0D3C830-40AD-40E9-8ADE-1C1369AD3F3D}.Debug|x86.ActiveCfg = Debug|Any CPU
		{A0D3C830-40AD-40E9-8ADE-1C1369AD3F3D}.Debug|x86.Build.0 = Debug|Any CPU
		{A0D3C830-40AD-40E9-8ADE-1C1369AD3F3D}.Release|Any CPU.ActiveCfg = Release|Any CPU
		{A0D3C830-40AD-40E9-8ADE-1C1369AD3F3D}.Release|Any CPU.Build.0 = Release|Any CPU
		{A0D3C830-40AD-40E9-8ADE-1C1369AD3F3D}.Release|ARM64.ActiveCfg = Release|Any CPU
		{A0D3C830-40AD-40E9-8ADE-1C1369AD3F3D}.Release|ARM64.Build.0 = Release|Any CPU
		{A0D3C830-40AD-40E9-8ADE-1C1369AD3F3D}.Release|x64.ActiveCfg = Release|Any CPU
		{A0D3C830-40AD-40E9-8ADE-1C1369AD3F3D}.Release|x64.Build.0 = Release|Any CPU
		{A0D3C830-40AD-40E9-8ADE-1C1369AD3F3D}.Release|x86.ActiveCfg = Release|Any CPU
		{A0D3C830-40AD-40E9-8ADE-1C1369AD3F3D}.Release|x86.Build.0 = Release|Any CPU
	EndGlobalSection
	GlobalSection(SolutionProperties) = preSolution
		HideSolutionNode = FALSE
	EndGlobalSection
	GlobalSection(NestedProjects) = preSolution
		{CE6EC124-0BBD-4E1C-BDC9-6FCA9FD52123} = {A277971F-9F74-4BAA-BC41-F24130BF408C}
		{2E706438-D209-4F1D-9093-9A494B6E0A4B} = {A277971F-9F74-4BAA-BC41-F24130BF408C}
		{A7F39807-7657-4D8B-8445-3A7D94391C1A} = {A277971F-9F74-4BAA-BC41-F24130BF408C}
		{E48BFC32-FD6E-47CC-98BE-D2303813F5E5} = {A277971F-9F74-4BAA-BC41-F24130BF408C}
		{AC5649BE-675C-4E25-A717-32AEC5378292} = {290BC704-026E-4512-8829-3D7C0BFFDC28}
		{2BA19E34-1B96-469E-B6CC-363CA9542BED} = {290BC704-026E-4512-8829-3D7C0BFFDC28}
		{FFAEDFC5-A940-452D-AB22-DF6E9BEB25E2} = {290BC704-026E-4512-8829-3D7C0BFFDC28}
		{E3DAB07C-DE0B-4E3E-B699-B2548D9F3408} = {290BC704-026E-4512-8829-3D7C0BFFDC28}
		{2749AB3A-07CE-4ED4-BF86-82CAEA2FC152} = {290BC704-026E-4512-8829-3D7C0BFFDC28}
		{A5517BD3-34D3-43E6-9B07-9F97B27DA2ED} = {290BC704-026E-4512-8829-3D7C0BFFDC28}
		{AFD8DE6A-55F9-457F-9BAE-013B9735AFAA} = {7D02D389-F0F6-4260-973A-620CBAFCF914}
		{97B1CCAA-3B75-49A8-8CFA-BBF296ECF420} = {7D02D389-F0F6-4260-973A-620CBAFCF914}
		{54233491-DCF2-4551-B42A-316B72657563} = {7D02D389-F0F6-4260-973A-620CBAFCF914}
		{BF9F0173-B016-4CED-B0CC-B9B72AD1BA39} = {7D02D389-F0F6-4260-973A-620CBAFCF914}
		{FB55DAF2-2C72-4295-B007-CE7AB5F95B2D} = {7D02D389-F0F6-4260-973A-620CBAFCF914}
		{82E3E7BC-AE72-45CB-AA0A-407D0F63801B} = {7D02D389-F0F6-4260-973A-620CBAFCF914}
		{1CADB5F4-A751-4D11-BF9D-C7BA66918E0B} = {7D02D389-F0F6-4260-973A-620CBAFCF914}
		{E2FD272A-FB9F-48C8-A8FF-36BFD49A8E6C} = {7D02D389-F0F6-4260-973A-620CBAFCF914}
		{FA112064-7090-4506-AC25-1D6E830A2992} = {7D02D389-F0F6-4260-973A-620CBAFCF914}
		{8931062E-8DF0-4AD2-A5C8-E7284432AD51} = {7D02D389-F0F6-4260-973A-620CBAFCF914}
		{DF3F7724-B0D5-4608-9BA1-68A0B4D02544} = {7D02D389-F0F6-4260-973A-620CBAFCF914}
		{3E69E2C3-8B61-4CD3-A0AB-EE72A968B3F1} = {7D02D389-F0F6-4260-973A-620CBAFCF914}
		{B373A773-7337-46F6-BA9C-AD9D34F2920C} = {EE0CA7DC-4398-4E73-990D-694C08A2236D}
		{C60E7B0D-EC44-462C-940D-9526CE52AAC2} = {A1A1E871-FBFB-42F2-8F35-DD8FF1C28E58}
		{1926A000-0FD9-4ACE-9335-DF976B64C65B} = {A1A1E871-FBFB-42F2-8F35-DD8FF1C28E58}
		{34D8EDFA-013A-4CC8-B1B9-8112AEA18167} = {A1A1E871-FBFB-42F2-8F35-DD8FF1C28E58}
		{ECA7C139-50F7-4E66-99D6-946CE90E7978} = {A1A1E871-FBFB-42F2-8F35-DD8FF1C28E58}
		{FA85A15B-C7AE-47D7-91F0-DCB43786CF6E} = {EE0CA7DC-4398-4E73-990D-694C08A2236D}
		{0C120BA2-64E9-4BCB-99CA-42BFB139CD25} = {23DE1A1B-47CA-4E9F-B454-B14CD8D3B7C2}
		{4DB03588-882A-463C-9B8F-B84881BA1415} = {FC001910-CB34-4578-80F4-163E5A88D433}
		{74C579F8-AAB4-493A-BA93-638BB613BCA7} = {FC001910-CB34-4578-80F4-163E5A88D433}
		{AF788506-D9CE-41EB-8C34-6238AB88DCAC} = {FC001910-CB34-4578-80F4-163E5A88D433}
		{E957252F-F69E-41B2-9D95-169E7FD5E9F9} = {FC001910-CB34-4578-80F4-163E5A88D433}
		{650720A3-946C-4BA2-8E03-C8F04531C0B9} = {FC001910-CB34-4578-80F4-163E5A88D433}
		{3F94CA03-48D5-46CF-BECB-ABA818BB572F} = {FC001910-CB34-4578-80F4-163E5A88D433}
		{50DEFC0C-22FD-4AD6-ACE8-7E30FD2BCB1F} = {FC001910-CB34-4578-80F4-163E5A88D433}
		{8F7FF2A9-A5A1-43B3-A8ED-D83F2C88CB1E} = {A5CECD35-FA4E-460B-BB9C-9D54D76FA110}
		{C46A3466-8352-493B-8F3C-DADF6F64111D} = {A5CECD35-FA4E-460B-BB9C-9D54D76FA110}
		{E02DD4B8-96B1-4067-9A1B-67B12D89EA55} = {A5CECD35-FA4E-460B-BB9C-9D54D76FA110}
		{CCE54567-73A7-46DB-829B-0E1698B423D5} = {A5CECD35-FA4E-460B-BB9C-9D54D76FA110}
		{5F490FB5-8793-452E-A985-8FBA12242807} = {A5CECD35-FA4E-460B-BB9C-9D54D76FA110}
		{F2CA2AA2-D095-4935-AE22-34CBFD957F1C} = {A5CECD35-FA4E-460B-BB9C-9D54D76FA110}
		{8F36A189-49EF-4FF6-8D6B-ED26DC594F27} = {A5CECD35-FA4E-460B-BB9C-9D54D76FA110}
		{500CDFE2-915C-490C-A2EE-24E543DE2795} = {A5CECD35-FA4E-460B-BB9C-9D54D76FA110}
		{B4C106C8-707C-4578-BDD2-17BD034D3030} = {A5CECD35-FA4E-460B-BB9C-9D54D76FA110}
		{B71569C3-ACAD-4A1E-9FF3-29C536937B29} = {A5CECD35-FA4E-460B-BB9C-9D54D76FA110}
		{9FAD3ECD-BE8F-4B48-9DA2-115F4D70833A} = {4DFEED5C-4F0F-4096-8D4A-C571A36D94E1}
		{576A08A7-3C55-48A4-8466-98369F89BC34} = {4DFEED5C-4F0F-4096-8D4A-C571A36D94E1}
		{B91C7555-CE79-46B0-A208-6A0557EC8809} = {4DFEED5C-4F0F-4096-8D4A-C571A36D94E1}
		{5DE92AB9-773B-4AED-83DB-0703B387385F} = {4DFEED5C-4F0F-4096-8D4A-C571A36D94E1}
	EndGlobalSection
	GlobalSection(ExtensibilityGlobals) = postSolution
		SolutionGuid = {AE05D3A8-BBCA-473C-9F64-47CFBB1FAA72}
	EndGlobalSection
EndGlobal
